// !$*UTF8*$!
{
	archiveVersion = 1;
	classes = {
	};
	objectVersion = 46;
	objects = {

/* Begin PBXBuildFile section */
		6933994A149B141100DD4E53 /* UIKit.framework in Frameworks */ = {isa = PBXBuildFile; fileRef = 69339949149B141100DD4E53 /* UIKit.framework */; };
		6933994C149B141100DD4E53 /* Foundation.framework in Frameworks */ = {isa = PBXBuildFile; fileRef = 6933994B149B141100DD4E53 /* Foundation.framework */; };
		6933994E149B141100DD4E53 /* CoreGraphics.framework in Frameworks */ = {isa = PBXBuildFile; fileRef = 6933994D149B141100DD4E53 /* CoreGraphics.framework */; };
		69339954149B141100DD4E53 /* InfoPlist.strings in Resources */ = {isa = PBXBuildFile; fileRef = 69339952149B141100DD4E53 /* InfoPlist.strings */; };
		69339956149B141100DD4E53 /* main.m in Sources */ = {isa = PBXBuildFile; fileRef = 69339955149B141100DD4E53 /* main.m */; };
		6933995A149B141100DD4E53 /* AppDelegate.m in Sources */ = {isa = PBXBuildFile; fileRef = 69339959149B141100DD4E53 /* AppDelegate.m */; };
		6933995D149B141100DD4E53 /* MainStoryboard_iPhone.storyboard in Resources */ = {isa = PBXBuildFile; fileRef = 6933995B149B141100DD4E53 /* MainStoryboard_iPhone.storyboard */; };
		69339960149B141100DD4E53 /* MainStoryboard_iPad.storyboard in Resources */ = {isa = PBXBuildFile; fileRef = 6933995E149B141100DD4E53 /* MainStoryboard_iPad.storyboard */; };
		69339963149B141100DD4E53 /* ViewController.m in Sources */ = {isa = PBXBuildFile; fileRef = 69339962149B141100DD4E53 /* ViewController.m */; };
		695035DF149B181D005C7151 /* TopViewController.m in Sources */ = {isa = PBXBuildFile; fileRef = 695035DE149B181D005C7151 /* TopViewController.m */; };
		695035E6149B18E8005C7151 /* GoogleReader.m in Sources */ = {isa = PBXBuildFile; fileRef = 695035E5149B18E8005C7151 /* GoogleReader.m */; };
		695035FF149B1911005C7151 /* Reachability.m in Sources */ = {isa = PBXBuildFile; fileRef = 695035EA149B1911005C7151 /* Reachability.m */; settings = {COMPILER_FLAGS = "-fno-objc-arc"; }; };
		69503600149B1911005C7151 /* ASIAuthenticationDialog.m in Sources */ = {isa = PBXBuildFile; fileRef = 695035EC149B1911005C7151 /* ASIAuthenticationDialog.m */; settings = {COMPILER_FLAGS = "-fno-objc-arc"; }; };
		69503601149B1911005C7151 /* ASIInputStream.m in Sources */ = {isa = PBXBuildFile; fileRef = 695035F1149B1911005C7151 /* ASIInputStream.m */; settings = {COMPILER_FLAGS = "-fno-objc-arc"; }; };
		69503602149B1911005C7151 /* ASIFormDataRequest.m in Sources */ = {isa = PBXBuildFile; fileRef = 695035F3149B1911005C7151 /* ASIFormDataRequest.m */; settings = {COMPILER_FLAGS = "-fno-objc-arc"; }; };
		69503603149B1911005C7151 /* ASIHTTPRequest.m in Sources */ = {isa = PBXBuildFile; fileRef = 695035F5149B1911005C7151 /* ASIHTTPRequest.m */; settings = {COMPILER_FLAGS = "-fno-objc-arc"; }; };
		69503604149B1911005C7151 /* ASINetworkQueue.m in Sources */ = {isa = PBXBuildFile; fileRef = 695035F7149B1911005C7151 /* ASINetworkQueue.m */; settings = {COMPILER_FLAGS = "-fno-objc-arc"; }; };
		69503605149B1911005C7151 /* ASIDownloadCache.m in Sources */ = {isa = PBXBuildFile; fileRef = 695035FA149B1911005C7151 /* ASIDownloadCache.m */; settings = {COMPILER_FLAGS = "-fno-objc-arc"; }; };
		69503606149B1911005C7151 /* ASIDataCompressor.m in Sources */ = {isa = PBXBuildFile; fileRef = 695035FC149B1911005C7151 /* ASIDataCompressor.m */; settings = {COMPILER_FLAGS = "-fno-objc-arc"; }; };
		69503607149B1911005C7151 /* ASIDataDecompressor.m in Sources */ = {isa = PBXBuildFile; fileRef = 695035FE149B1911005C7151 /* ASIDataDecompressor.m */; settings = {COMPILER_FLAGS = "-fno-objc-arc"; }; };
		6950360B149B1966005C7151 /* CoreData.framework in Frameworks */ = {isa = PBXBuildFile; fileRef = 6950360A149B1966005C7151 /* CoreData.framework */; };
		6950360D149B196D005C7151 /* CFNetwork.framework in Frameworks */ = {isa = PBXBuildFile; fileRef = 6950360C149B196D005C7151 /* CFNetwork.framework */; };
		69503611149B1980005C7151 /* libz.dylib in Frameworks */ = {isa = PBXBuildFile; fileRef = 6950360E149B1980005C7151 /* libz.dylib */; };
		69503612149B1980005C7151 /* MobileCoreServices.framework in Frameworks */ = {isa = PBXBuildFile; fileRef = 6950360F149B1980005C7151 /* MobileCoreServices.framework */; };
		69503613149B1980005C7151 /* SystemConfiguration.framework in Frameworks */ = {isa = PBXBuildFile; fileRef = 69503610149B1980005C7151 /* SystemConfiguration.framework */; };
		6950362B149B368D005C7151 /* ContentOrganizer.m in Sources */ = {isa = PBXBuildFile; fileRef = 6950362A149B368D005C7151 /* ContentOrganizer.m */; };
		6950362E149B3B8B005C7151 /* TopViewCell.m in Sources */ = {isa = PBXBuildFile; fileRef = 6950362D149B3B8B005C7151 /* TopViewCell.m */; };
		6950363A149B53B4005C7151 /* FilterNoneBlack.png in Resources */ = {isa = PBXBuildFile; fileRef = 69503630149B53B4005C7151 /* FilterNoneBlack.png */; };
		6950363B149B53B4005C7151 /* FilterNoneBlack@2x.png in Resources */ = {isa = PBXBuildFile; fileRef = 69503631149B53B4005C7151 /* FilterNoneBlack@2x.png */; };
		6950363C149B53B4005C7151 /* StarredItem.png in Resources */ = {isa = PBXBuildFile; fileRef = 69503632149B53B4005C7151 /* StarredItem.png */; };
		6950363D149B53B4005C7151 /* StarredItem@2x.png in Resources */ = {isa = PBXBuildFile; fileRef = 69503633149B53B4005C7151 /* StarredItem@2x.png */; };
		6950363E149B53B4005C7151 /* UnreadItem.png in Resources */ = {isa = PBXBuildFile; fileRef = 69503634149B53B4005C7151 /* UnreadItem.png */; };
		6950363F149B53B4005C7151 /* UnreadItem@2x.png in Resources */ = {isa = PBXBuildFile; fileRef = 69503635149B53B4005C7151 /* UnreadItem@2x.png */; };
		69503640149B53B4005C7151 /* FeedDefaultIcon.png in Resources */ = {isa = PBXBuildFile; fileRef = 69503636149B53B4005C7151 /* FeedDefaultIcon.png */; };
		69503641149B53B4005C7151 /* FeedDefaultIcon@2x.png in Resources */ = {isa = PBXBuildFile; fileRef = 69503637149B53B4005C7151 /* FeedDefaultIcon@2x.png */; };
		69503642149B53B4005C7151 /* Folder.png in Resources */ = {isa = PBXBuildFile; fileRef = 69503638149B53B4005C7151 /* Folder.png */; };
		69503643149B53B4005C7151 /* Folder@2x.png in Resources */ = {isa = PBXBuildFile; fileRef = 69503639149B53B4005C7151 /* Folder@2x.png */; };
		69503651149B65F9005C7151 /* ReaderStandard.xcdatamodel in Sources */ = {isa = PBXBuildFile; fileRef = 69503644149B65F8005C7151 /* ReaderStandard.xcdatamodel */; };
		69503652149B65F9005C7151 /* Tag.m in Sources */ = {isa = PBXBuildFile; fileRef = 69503646149B65F8005C7151 /* Tag.m */; };
		69503653149B65F9005C7151 /* Content.m in Sources */ = {isa = PBXBuildFile; fileRef = 69503648149B65F8005C7151 /* Content.m */; };
		69503654149B65F9005C7151 /* Alternate.m in Sources */ = {isa = PBXBuildFile; fileRef = 6950364A149B65F8005C7151 /* Alternate.m */; };
		69503655149B65F9005C7151 /* Subscription.m in Sources */ = {isa = PBXBuildFile; fileRef = 6950364C149B65F8005C7151 /* Subscription.m */; };
		69503657149B65F9005C7151 /* Feed.m in Sources */ = {isa = PBXBuildFile; fileRef = 69503650149B65F9005C7151 /* Feed.m */; };
		69503658149B6B9D005C7151 /* Category.m in Sources */ = {isa = PBXBuildFile; fileRef = 6950364E149B65F9005C7151 /* Category.m */; };
/* End PBXBuildFile section */

/* Begin PBXFileReference section */
		69339945149B141100DD4E53 /* Atomier.app */ = {isa = PBXFileReference; explicitFileType = wrapper.application; includeInIndex = 0; path = Atomier.app; sourceTree = BUILT_PRODUCTS_DIR; };
		69339949149B141100DD4E53 /* UIKit.framework */ = {isa = PBXFileReference; lastKnownFileType = wrapper.framework; name = UIKit.framework; path = System/Library/Frameworks/UIKit.framework; sourceTree = SDKROOT; };
		6933994B149B141100DD4E53 /* Foundation.framework */ = {isa = PBXFileReference; lastKnownFileType = wrapper.framework; name = Foundation.framework; path = System/Library/Frameworks/Foundation.framework; sourceTree = SDKROOT; };
		6933994D149B141100DD4E53 /* CoreGraphics.framework */ = {isa = PBXFileReference; lastKnownFileType = wrapper.framework; name = CoreGraphics.framework; path = System/Library/Frameworks/CoreGraphics.framework; sourceTree = SDKROOT; };
		69339951149B141100DD4E53 /* Atomier-Info.plist */ = {isa = PBXFileReference; lastKnownFileType = text.plist.xml; path = "Atomier-Info.plist"; sourceTree = "<group>"; };
		69339953149B141100DD4E53 /* en */ = {isa = PBXFileReference; lastKnownFileType = text.plist.strings; name = en; path = en.lproj/InfoPlist.strings; sourceTree = "<group>"; };
		69339955149B141100DD4E53 /* main.m */ = {isa = PBXFileReference; lastKnownFileType = sourcecode.c.objc; path = main.m; sourceTree = "<group>"; };
		69339957149B141100DD4E53 /* Atomier-Prefix.pch */ = {isa = PBXFileReference; lastKnownFileType = sourcecode.c.h; path = "Atomier-Prefix.pch"; sourceTree = "<group>"; };
		69339958149B141100DD4E53 /* AppDelegate.h */ = {isa = PBXFileReference; lastKnownFileType = sourcecode.c.h; path = AppDelegate.h; sourceTree = "<group>"; };
		69339959149B141100DD4E53 /* AppDelegate.m */ = {isa = PBXFileReference; lastKnownFileType = sourcecode.c.objc; path = AppDelegate.m; sourceTree = "<group>"; };
		6933995C149B141100DD4E53 /* en */ = {isa = PBXFileReference; lastKnownFileType = file.storyboard; name = en; path = en.lproj/MainStoryboard_iPhone.storyboard; sourceTree = "<group>"; };
		6933995F149B141100DD4E53 /* en */ = {isa = PBXFileReference; lastKnownFileType = file.storyboard; name = en; path = en.lproj/MainStoryboard_iPad.storyboard; sourceTree = "<group>"; };
		69339961149B141100DD4E53 /* ViewController.h */ = {isa = PBXFileReference; lastKnownFileType = sourcecode.c.h; path = ViewController.h; sourceTree = "<group>"; };
		69339962149B141100DD4E53 /* ViewController.m */ = {isa = PBXFileReference; lastKnownFileType = sourcecode.c.objc; path = ViewController.m; sourceTree = "<group>"; };
		695035DD149B181D005C7151 /* TopViewController.h */ = {isa = PBXFileReference; fileEncoding = 4; lastKnownFileType = sourcecode.c.h; path = TopViewController.h; sourceTree = "<group>"; };
		695035DE149B181D005C7151 /* TopViewController.m */ = {isa = PBXFileReference; fileEncoding = 4; lastKnownFileType = sourcecode.c.objc; path = TopViewController.m; sourceTree = "<group>"; };
		695035E4149B18E8005C7151 /* GoogleReader.h */ = {isa = PBXFileReference; fileEncoding = 4; lastKnownFileType = sourcecode.c.h; name = GoogleReader.h; path = ../../ReaderStandard/ReaderStandard/GoogleReader.h; sourceTree = "<group>"; };
		695035E5149B18E8005C7151 /* GoogleReader.m */ = {isa = PBXFileReference; fileEncoding = 4; lastKnownFileType = sourcecode.c.objc; name = GoogleReader.m; path = ../../ReaderStandard/ReaderStandard/GoogleReader.m; sourceTree = "<group>"; };
		695035E9149B1911005C7151 /* Reachability.h */ = {isa = PBXFileReference; fileEncoding = 4; lastKnownFileType = sourcecode.c.h; path = Reachability.h; sourceTree = "<group>"; };
		695035EA149B1911005C7151 /* Reachability.m */ = {isa = PBXFileReference; fileEncoding = 4; lastKnownFileType = sourcecode.c.objc; path = Reachability.m; sourceTree = "<group>"; };
		695035EB149B1911005C7151 /* ASIAuthenticationDialog.h */ = {isa = PBXFileReference; fileEncoding = 4; lastKnownFileType = sourcecode.c.h; path = ASIAuthenticationDialog.h; sourceTree = "<group>"; };
		695035EC149B1911005C7151 /* ASIAuthenticationDialog.m */ = {isa = PBXFileReference; fileEncoding = 4; lastKnownFileType = sourcecode.c.objc; path = ASIAuthenticationDialog.m; sourceTree = "<group>"; };
		695035ED149B1911005C7151 /* ASIHTTPRequestConfig.h */ = {isa = PBXFileReference; fileEncoding = 4; lastKnownFileType = sourcecode.c.h; path = ASIHTTPRequestConfig.h; sourceTree = "<group>"; };
		695035EE149B1911005C7151 /* ASIProgressDelegate.h */ = {isa = PBXFileReference; fileEncoding = 4; lastKnownFileType = sourcecode.c.h; path = ASIProgressDelegate.h; sourceTree = "<group>"; };
		695035EF149B1911005C7151 /* ASIHTTPRequestDelegate.h */ = {isa = PBXFileReference; fileEncoding = 4; lastKnownFileType = sourcecode.c.h; path = ASIHTTPRequestDelegate.h; sourceTree = "<group>"; };
		695035F0149B1911005C7151 /* ASIInputStream.h */ = {isa = PBXFileReference; fileEncoding = 4; lastKnownFileType = sourcecode.c.h; path = ASIInputStream.h; sourceTree = "<group>"; };
		695035F1149B1911005C7151 /* ASIInputStream.m */ = {isa = PBXFileReference; fileEncoding = 4; lastKnownFileType = sourcecode.c.objc; path = ASIInputStream.m; sourceTree = "<group>"; };
		695035F2149B1911005C7151 /* ASIFormDataRequest.h */ = {isa = PBXFileReference; fileEncoding = 4; lastKnownFileType = sourcecode.c.h; path = ASIFormDataRequest.h; sourceTree = "<group>"; };
		695035F3149B1911005C7151 /* ASIFormDataRequest.m */ = {isa = PBXFileReference; fileEncoding = 4; lastKnownFileType = sourcecode.c.objc; path = ASIFormDataRequest.m; sourceTree = "<group>"; };
		695035F4149B1911005C7151 /* ASIHTTPRequest.h */ = {isa = PBXFileReference; fileEncoding = 4; lastKnownFileType = sourcecode.c.h; path = ASIHTTPRequest.h; sourceTree = "<group>"; };
		695035F5149B1911005C7151 /* ASIHTTPRequest.m */ = {isa = PBXFileReference; fileEncoding = 4; lastKnownFileType = sourcecode.c.objc; path = ASIHTTPRequest.m; sourceTree = "<group>"; };
		695035F6149B1911005C7151 /* ASINetworkQueue.h */ = {isa = PBXFileReference; fileEncoding = 4; lastKnownFileType = sourcecode.c.h; path = ASINetworkQueue.h; sourceTree = "<group>"; };
		695035F7149B1911005C7151 /* ASINetworkQueue.m */ = {isa = PBXFileReference; fileEncoding = 4; lastKnownFileType = sourcecode.c.objc; path = ASINetworkQueue.m; sourceTree = "<group>"; };
		695035F8149B1911005C7151 /* ASICacheDelegate.h */ = {isa = PBXFileReference; fileEncoding = 4; lastKnownFileType = sourcecode.c.h; path = ASICacheDelegate.h; sourceTree = "<group>"; };
		695035F9149B1911005C7151 /* ASIDownloadCache.h */ = {isa = PBXFileReference; fileEncoding = 4; lastKnownFileType = sourcecode.c.h; path = ASIDownloadCache.h; sourceTree = "<group>"; };
		695035FA149B1911005C7151 /* ASIDownloadCache.m */ = {isa = PBXFileReference; fileEncoding = 4; lastKnownFileType = sourcecode.c.objc; path = ASIDownloadCache.m; sourceTree = "<group>"; };
		695035FB149B1911005C7151 /* ASIDataCompressor.h */ = {isa = PBXFileReference; fileEncoding = 4; lastKnownFileType = sourcecode.c.h; path = ASIDataCompressor.h; sourceTree = "<group>"; };
		695035FC149B1911005C7151 /* ASIDataCompressor.m */ = {isa = PBXFileReference; fileEncoding = 4; lastKnownFileType = sourcecode.c.objc; path = ASIDataCompressor.m; sourceTree = "<group>"; };
		695035FD149B1911005C7151 /* ASIDataDecompressor.h */ = {isa = PBXFileReference; fileEncoding = 4; lastKnownFileType = sourcecode.c.h; path = ASIDataDecompressor.h; sourceTree = "<group>"; };
		695035FE149B1911005C7151 /* ASIDataDecompressor.m */ = {isa = PBXFileReference; fileEncoding = 4; lastKnownFileType = sourcecode.c.objc; path = ASIDataDecompressor.m; sourceTree = "<group>"; };
		6950360A149B1966005C7151 /* CoreData.framework */ = {isa = PBXFileReference; lastKnownFileType = wrapper.framework; name = CoreData.framework; path = System/Library/Frameworks/CoreData.framework; sourceTree = SDKROOT; };
		6950360C149B196D005C7151 /* CFNetwork.framework */ = {isa = PBXFileReference; lastKnownFileType = wrapper.framework; name = CFNetwork.framework; path = System/Library/Frameworks/CFNetwork.framework; sourceTree = SDKROOT; };
		6950360E149B1980005C7151 /* libz.dylib */ = {isa = PBXFileReference; lastKnownFileType = "compiled.mach-o.dylib"; name = libz.dylib; path = usr/lib/libz.dylib; sourceTree = SDKROOT; };
		6950360F149B1980005C7151 /* MobileCoreServices.framework */ = {isa = PBXFileReference; lastKnownFileType = wrapper.framework; name = MobileCoreServices.framework; path = System/Library/Frameworks/MobileCoreServices.framework; sourceTree = SDKROOT; };
		69503610149B1980005C7151 /* SystemConfiguration.framework */ = {isa = PBXFileReference; lastKnownFileType = wrapper.framework; name = SystemConfiguration.framework; path = System/Library/Frameworks/SystemConfiguration.framework; sourceTree = SDKROOT; };
		69503629149B368D005C7151 /* ContentOrganizer.h */ = {isa = PBXFileReference; fileEncoding = 4; lastKnownFileType = sourcecode.c.h; name = ContentOrganizer.h; path = ../../ReaderStandard/ReaderStandard/ContentOrganizer.h; sourceTree = "<group>"; };
		6950362A149B368D005C7151 /* ContentOrganizer.m */ = {isa = PBXFileReference; fileEncoding = 4; lastKnownFileType = sourcecode.c.objc; name = ContentOrganizer.m; path = ../../ReaderStandard/ReaderStandard/ContentOrganizer.m; sourceTree = "<group>"; };
		6950362C149B3B8B005C7151 /* TopViewCell.h */ = {isa = PBXFileReference; fileEncoding = 4; lastKnownFileType = sourcecode.c.h; path = TopViewCell.h; sourceTree = "<group>"; };
		6950362D149B3B8B005C7151 /* TopViewCell.m */ = {isa = PBXFileReference; fileEncoding = 4; lastKnownFileType = sourcecode.c.objc; path = TopViewCell.m; sourceTree = "<group>"; };
		69503630149B53B4005C7151 /* FilterNoneBlack.png */ = {isa = PBXFileReference; lastKnownFileType = image.png; path = FilterNoneBlack.png; sourceTree = "<group>"; };
		69503631149B53B4005C7151 /* FilterNoneBlack@2x.png */ = {isa = PBXFileReference; lastKnownFileType = image.png; path = "FilterNoneBlack@2x.png"; sourceTree = "<group>"; };
		69503632149B53B4005C7151 /* StarredItem.png */ = {isa = PBXFileReference; lastKnownFileType = image.png; path = StarredItem.png; sourceTree = "<group>"; };
		69503633149B53B4005C7151 /* StarredItem@2x.png */ = {isa = PBXFileReference; lastKnownFileType = image.png; path = "StarredItem@2x.png"; sourceTree = "<group>"; };
		69503634149B53B4005C7151 /* UnreadItem.png */ = {isa = PBXFileReference; lastKnownFileType = image.png; path = UnreadItem.png; sourceTree = "<group>"; };
		69503635149B53B4005C7151 /* UnreadItem@2x.png */ = {isa = PBXFileReference; lastKnownFileType = image.png; path = "UnreadItem@2x.png"; sourceTree = "<group>"; };
		69503636149B53B4005C7151 /* FeedDefaultIcon.png */ = {isa = PBXFileReference; lastKnownFileType = image.png; path = FeedDefaultIcon.png; sourceTree = "<group>"; };
		69503637149B53B4005C7151 /* FeedDefaultIcon@2x.png */ = {isa = PBXFileReference; lastKnownFileType = image.png; path = "FeedDefaultIcon@2x.png"; sourceTree = "<group>"; };
		69503638149B53B4005C7151 /* Folder.png */ = {isa = PBXFileReference; lastKnownFileType = image.png; path = Folder.png; sourceTree = "<group>"; };
		69503639149B53B4005C7151 /* Folder@2x.png */ = {isa = PBXFileReference; lastKnownFileType = image.png; path = "Folder@2x.png"; sourceTree = "<group>"; };
		69503644149B65F8005C7151 /* ReaderStandard.xcdatamodel */ = {isa = PBXFileReference; lastKnownFileType = wrapper.xcdatamodel; path = ReaderStandard.xcdatamodel; sourceTree = "<group>"; };
		69503645149B65F8005C7151 /* Tag.h */ = {isa = PBXFileReference; fileEncoding = 4; lastKnownFileType = sourcecode.c.h; path = Tag.h; sourceTree = "<group>"; };
		69503646149B65F8005C7151 /* Tag.m */ = {isa = PBXFileReference; fileEncoding = 4; lastKnownFileType = sourcecode.c.objc; path = Tag.m; sourceTree = "<group>"; };
		69503647149B65F8005C7151 /* Content.h */ = {isa = PBXFileReference; fileEncoding = 4; lastKnownFileType = sourcecode.c.h; path = Content.h; sourceTree = "<group>"; };
		69503648149B65F8005C7151 /* Content.m */ = {isa = PBXFileReference; fileEncoding = 4; lastKnownFileType = sourcecode.c.objc; path = Content.m; sourceTree = "<group>"; };
		69503649149B65F8005C7151 /* Alternate.h */ = {isa = PBXFileReference; fileEncoding = 4; lastKnownFileType = sourcecode.c.h; path = Alternate.h; sourceTree = "<group>"; };
		6950364A149B65F8005C7151 /* Alternate.m */ = {isa = PBXFileReference; fileEncoding = 4; lastKnownFileType = sourcecode.c.objc; path = Alternate.m; sourceTree = "<group>"; };
		6950364B149B65F8005C7151 /* Subscription.h */ = {isa = PBXFileReference; fileEncoding = 4; lastKnownFileType = sourcecode.c.h; path = Subscription.h; sourceTree = "<group>"; };
		6950364C149B65F8005C7151 /* Subscription.m */ = {isa = PBXFileReference; fileEncoding = 4; lastKnownFileType = sourcecode.c.objc; path = Subscription.m; sourceTree = "<group>"; };
		6950364D149B65F8005C7151 /* Category.h */ = {isa = PBXFileReference; fileEncoding = 4; lastKnownFileType = sourcecode.c.h; path = Category.h; sourceTree = "<group>"; };
		6950364E149B65F9005C7151 /* Category.m */ = {isa = PBXFileReference; fileEncoding = 4; lastKnownFileType = sourcecode.c.objc; path = Category.m; sourceTree = "<group>"; };
		6950364F149B65F9005C7151 /* Feed.h */ = {isa = PBXFileReference; fileEncoding = 4; lastKnownFileType = sourcecode.c.h; path = Feed.h; sourceTree = "<group>"; };
		69503650149B65F9005C7151 /* Feed.m */ = {isa = PBXFileReference; fileEncoding = 4; lastKnownFileType = sourcecode.c.objc; path = Feed.m; sourceTree = "<group>"; };
/* End PBXFileReference section */

/* Begin PBXFrameworksBuildPhase section */
		69339942149B141100DD4E53 /* Frameworks */ = {
			isa = PBXFrameworksBuildPhase;
			buildActionMask = 2147483647;
			files = (
				69503611149B1980005C7151 /* libz.dylib in Frameworks */,
				69503612149B1980005C7151 /* MobileCoreServices.framework in Frameworks */,
				69503613149B1980005C7151 /* SystemConfiguration.framework in Frameworks */,
				6950360D149B196D005C7151 /* CFNetwork.framework in Frameworks */,
				6950360B149B1966005C7151 /* CoreData.framework in Frameworks */,
				6933994A149B141100DD4E53 /* UIKit.framework in Frameworks */,
				6933994C149B141100DD4E53 /* Foundation.framework in Frameworks */,
				6933994E149B141100DD4E53 /* CoreGraphics.framework in Frameworks */,
			);
			runOnlyForDeploymentPostprocessing = 0;
		};
/* End PBXFrameworksBuildPhase section */

/* Begin PBXGroup section */
		6933993A149B141100DD4E53 = {
			isa = PBXGroup;
			children = (
				6950360E149B1980005C7151 /* libz.dylib */,
				6950360F149B1980005C7151 /* MobileCoreServices.framework */,
				69503610149B1980005C7151 /* SystemConfiguration.framework */,
				6950360C149B196D005C7151 /* CFNetwork.framework */,
				6950360A149B1966005C7151 /* CoreData.framework */,
				6933994F149B141100DD4E53 /* Atomier */,
				69339948149B141100DD4E53 /* Frameworks */,
				69339946149B141100DD4E53 /* Products */,
			);
			sourceTree = "<group>";
		};
		69339946149B141100DD4E53 /* Products */ = {
			isa = PBXGroup;
			children = (
				69339945149B141100DD4E53 /* Atomier.app */,
			);
			name = Products;
			sourceTree = "<group>";
		};
		69339948149B141100DD4E53 /* Frameworks */ = {
			isa = PBXGroup;
			children = (
				69339949149B141100DD4E53 /* UIKit.framework */,
				6933994B149B141100DD4E53 /* Foundation.framework */,
				6933994D149B141100DD4E53 /* CoreGraphics.framework */,
			);
			name = Frameworks;
			sourceTree = "<group>";
		};
		6933994F149B141100DD4E53 /* Atomier */ = {
			isa = PBXGroup;
			children = (
				69503614149B3633005C7151 /* Managed Objects */,
				695035E8149B18F9005C7151 /* 3rd Party */,
				695035D8149B172A005C7151 /* Folder & Subscription List */,
				695035D2149B1578005C7151 /* Main */,
				69339950149B141100DD4E53 /* Supporting Files */,
			);
			path = Atomier;
			sourceTree = "<group>";
		};
		69339950149B141100DD4E53 /* Supporting Files */ = {
			isa = PBXGroup;
			children = (
				6950362F149B53A5005C7151 /* temp image */,
				69339951149B141100DD4E53 /* Atomier-Info.plist */,
				69339952149B141100DD4E53 /* InfoPlist.strings */,
				69339955149B141100DD4E53 /* main.m */,
				69339957149B141100DD4E53 /* Atomier-Prefix.pch */,
			);
			name = "Supporting Files";
			sourceTree = "<group>";
		};
		695035D2149B1578005C7151 /* Main */ = {
			isa = PBXGroup;
			children = (
				695035E7149B18ED005C7151 /* Engine */,
				69339958149B141100DD4E53 /* AppDelegate.h */,
				69339959149B141100DD4E53 /* AppDelegate.m */,
				6933995B149B141100DD4E53 /* MainStoryboard_iPhone.storyboard */,
				6933995E149B141100DD4E53 /* MainStoryboard_iPad.storyboard */,
				69339961149B141100DD4E53 /* ViewController.h */,
				69339962149B141100DD4E53 /* ViewController.m */,
			);
			name = Main;
			sourceTree = "<group>";
		};
		695035D8149B172A005C7151 /* Folder & Subscription List */ = {
			isa = PBXGroup;
			children = (
				695035DD149B181D005C7151 /* TopViewController.h */,
				695035DE149B181D005C7151 /* TopViewController.m */,
				6950362C149B3B8B005C7151 /* TopViewCell.h */,
				6950362D149B3B8B005C7151 /* TopViewCell.m */,
			);
			name = "Folder & Subscription List";
			sourceTree = "<group>";
		};
		695035E7149B18ED005C7151 /* Engine */ = {
			isa = PBXGroup;
			children = (
				695035E4149B18E8005C7151 /* GoogleReader.h */,
				695035E5149B18E8005C7151 /* GoogleReader.m */,
			);
			name = Engine;
			sourceTree = "<group>";
		};
		695035E8149B18F9005C7151 /* 3rd Party */ = {
			isa = PBXGroup;
			children = (
				69503608149B1918005C7151 /* ASIHTTP */,
			);
			name = "3rd Party";
			sourceTree = "<group>";
		};
		69503608149B1918005C7151 /* ASIHTTP */ = {
			isa = PBXGroup;
			children = (
				695035E9149B1911005C7151 /* Reachability.h */,
				695035EA149B1911005C7151 /* Reachability.m */,
				695035EB149B1911005C7151 /* ASIAuthenticationDialog.h */,
				695035EC149B1911005C7151 /* ASIAuthenticationDialog.m */,
				695035ED149B1911005C7151 /* ASIHTTPRequestConfig.h */,
				695035EE149B1911005C7151 /* ASIProgressDelegate.h */,
				695035EF149B1911005C7151 /* ASIHTTPRequestDelegate.h */,
				695035F0149B1911005C7151 /* ASIInputStream.h */,
				695035F1149B1911005C7151 /* ASIInputStream.m */,
				695035F2149B1911005C7151 /* ASIFormDataRequest.h */,
				695035F3149B1911005C7151 /* ASIFormDataRequest.m */,
				695035F4149B1911005C7151 /* ASIHTTPRequest.h */,
				695035F5149B1911005C7151 /* ASIHTTPRequest.m */,
				695035F6149B1911005C7151 /* ASINetworkQueue.h */,
				695035F7149B1911005C7151 /* ASINetworkQueue.m */,
				695035F8149B1911005C7151 /* ASICacheDelegate.h */,
				695035F9149B1911005C7151 /* ASIDownloadCache.h */,
				695035FA149B1911005C7151 /* ASIDownloadCache.m */,
				695035FB149B1911005C7151 /* ASIDataCompressor.h */,
				695035FC149B1911005C7151 /* ASIDataCompressor.m */,
				695035FD149B1911005C7151 /* ASIDataDecompressor.h */,
				695035FE149B1911005C7151 /* ASIDataDecompressor.m */,
			);
			name = ASIHTTP;
			sourceTree = "<group>";
		};
		69503614149B3633005C7151 /* Managed Objects */ = {
			isa = PBXGroup;
			children = (
				69503629149B368D005C7151 /* ContentOrganizer.h */,
				6950362A149B368D005C7151 /* ContentOrganizer.m */,
				69503644149B65F8005C7151 /* ReaderStandard.xcdatamodel */,
				69503645149B65F8005C7151 /* Tag.h */,
				69503646149B65F8005C7151 /* Tag.m */,
				69503647149B65F8005C7151 /* Content.h */,
				69503648149B65F8005C7151 /* Content.m */,
				69503649149B65F8005C7151 /* Alternate.h */,
				6950364A149B65F8005C7151 /* Alternate.m */,
				6950364B149B65F8005C7151 /* Subscription.h */,
				6950364C149B65F8005C7151 /* Subscription.m */,
				6950364D149B65F8005C7151 /* Category.h */,
				6950364E149B65F9005C7151 /* Category.m */,
				6950364F149B65F9005C7151 /* Feed.h */,
				69503650149B65F9005C7151 /* Feed.m */,
			);
			name = "Managed Objects";
			sourceTree = "<group>";
		};
		6950362F149B53A5005C7151 /* temp image */ = {
			isa = PBXGroup;
			children = (
				69503630149B53B4005C7151 /* FilterNoneBlack.png */,
				69503631149B53B4005C7151 /* FilterNoneBlack@2x.png */,
				69503632149B53B4005C7151 /* StarredItem.png */,
				69503633149B53B4005C7151 /* StarredItem@2x.png */,
				69503634149B53B4005C7151 /* UnreadItem.png */,
				69503635149B53B4005C7151 /* UnreadItem@2x.png */,
				69503636149B53B4005C7151 /* FeedDefaultIcon.png */,
				69503637149B53B4005C7151 /* FeedDefaultIcon@2x.png */,
				69503638149B53B4005C7151 /* Folder.png */,
				69503639149B53B4005C7151 /* Folder@2x.png */,
			);
			name = "temp image";
			sourceTree = "<group>";
		};
/* End PBXGroup section */

/* Begin PBXNativeTarget section */
		69339944149B141100DD4E53 /* Atomier */ = {
			isa = PBXNativeTarget;
			buildConfigurationList = 69339966149B141100DD4E53 /* Build configuration list for PBXNativeTarget "Atomier" */;
			buildPhases = (
				69339941149B141100DD4E53 /* Sources */,
				69339942149B141100DD4E53 /* Frameworks */,
				69339943149B141100DD4E53 /* Resources */,
			);
			buildRules = (
			);
			dependencies = (
			);
			name = Atomier;
			productName = Atomier;
			productReference = 69339945149B141100DD4E53 /* Atomier.app */;
			productType = "com.apple.product-type.application";
		};
/* End PBXNativeTarget section */

/* Begin PBXProject section */
		6933993C149B141100DD4E53 /* Project object */ = {
			isa = PBXProject;
			attributes = {
				LastUpgradeCheck = 0420;
				ORGANIZATIONNAME = Appcid;
			};
			buildConfigurationList = 6933993F149B141100DD4E53 /* Build configuration list for PBXProject "Atomier" */;
			compatibilityVersion = "Xcode 3.2";
			developmentRegion = English;
			hasScannedForEncodings = 0;
			knownRegions = (
				en,
			);
			mainGroup = 6933993A149B141100DD4E53;
			productRefGroup = 69339946149B141100DD4E53 /* Products */;
			projectDirPath = "";
			projectRoot = "";
			targets = (
				69339944149B141100DD4E53 /* Atomier */,
			);
		};
/* End PBXProject section */

/* Begin PBXResourcesBuildPhase section */
		69339943149B141100DD4E53 /* Resources */ = {
			isa = PBXResourcesBuildPhase;
			buildActionMask = 2147483647;
			files = (
				69339954149B141100DD4E53 /* InfoPlist.strings in Resources */,
				6933995D149B141100DD4E53 /* MainStoryboard_iPhone.storyboard in Resources */,
				69339960149B141100DD4E53 /* MainStoryboard_iPad.storyboard in Resources */,
				6950363A149B53B4005C7151 /* FilterNoneBlack.png in Resources */,
				6950363B149B53B4005C7151 /* FilterNoneBlack@2x.png in Resources */,
				6950363C149B53B4005C7151 /* StarredItem.png in Resources */,
				6950363D149B53B4005C7151 /* StarredItem@2x.png in Resources */,
				6950363E149B53B4005C7151 /* UnreadItem.png in Resources */,
				6950363F149B53B4005C7151 /* UnreadItem@2x.png in Resources */,
				69503640149B53B4005C7151 /* FeedDefaultIcon.png in Resources */,
				69503641149B53B4005C7151 /* FeedDefaultIcon@2x.png in Resources */,
				69503642149B53B4005C7151 /* Folder.png in Resources */,
				69503643149B53B4005C7151 /* Folder@2x.png in Resources */,
			);
			runOnlyForDeploymentPostprocessing = 0;
		};
/* End PBXResourcesBuildPhase section */

/* Begin PBXSourcesBuildPhase section */
		69339941149B141100DD4E53 /* Sources */ = {
			isa = PBXSourcesBuildPhase;
			buildActionMask = 2147483647;
			files = (
				69339956149B141100DD4E53 /* main.m in Sources */,
				6933995A149B141100DD4E53 /* AppDelegate.m in Sources */,
				69339963149B141100DD4E53 /* ViewController.m in Sources */,
				695035DF149B181D005C7151 /* TopViewController.m in Sources */,
				695035E6149B18E8005C7151 /* GoogleReader.m in Sources */,
				695035FF149B1911005C7151 /* Reachability.m in Sources */,
				69503600149B1911005C7151 /* ASIAuthenticationDialog.m in Sources */,
				69503601149B1911005C7151 /* ASIInputStream.m in Sources */,
				69503602149B1911005C7151 /* ASIFormDataRequest.m in Sources */,
				69503603149B1911005C7151 /* ASIHTTPRequest.m in Sources */,
				69503604149B1911005C7151 /* ASINetworkQueue.m in Sources */,
				69503605149B1911005C7151 /* ASIDownloadCache.m in Sources */,
				69503606149B1911005C7151 /* ASIDataCompressor.m in Sources */,
				69503607149B1911005C7151 /* ASIDataDecompressor.m in Sources */,
				6950362B149B368D005C7151 /* ContentOrganizer.m in Sources */,
				6950362E149B3B8B005C7151 /* TopViewCell.m in Sources */,
				69503651149B65F9005C7151 /* ReaderStandard.xcdatamodel in Sources */,
				69503652149B65F9005C7151 /* Tag.m in Sources */,
				69503653149B65F9005C7151 /* Content.m in Sources */,
				69503654149B65F9005C7151 /* Alternate.m in Sources */,
				69503655149B65F9005C7151 /* Subscription.m in Sources */,
				69503657149B65F9005C7151 /* Feed.m in Sources */,
				69503658149B6B9D005C7151 /* Category.m in Sources */,
			);
			runOnlyForDeploymentPostprocessing = 0;
		};
/* End PBXSourcesBuildPhase section */

/* Begin PBXVariantGroup section */
		69339952149B141100DD4E53 /* InfoPlist.strings */ = {
			isa = PBXVariantGroup;
			children = (
				69339953149B141100DD4E53 /* en */,
			);
			name = InfoPlist.strings;
			sourceTree = "<group>";
		};
		6933995B149B141100DD4E53 /* MainStoryboard_iPhone.storyboard */ = {
			isa = PBXVariantGroup;
			children = (
				6933995C149B141100DD4E53 /* en */,
			);
			name = MainStoryboard_iPhone.storyboard;
			sourceTree = "<group>";
		};
		6933995E149B141100DD4E53 /* MainStoryboard_iPad.storyboard */ = {
			isa = PBXVariantGroup;
			children = (
				6933995F149B141100DD4E53 /* en */,
			);
			name = MainStoryboard_iPad.storyboard;
			sourceTree = "<group>";
		};
/* End PBXVariantGroup section */

/* Begin XCBuildConfiguration section */
		69339964149B141100DD4E53 /* Debug */ = {
			isa = XCBuildConfiguration;
			buildSettings = {
				ALWAYS_SEARCH_USER_PATHS = NO;
				ARCHS = "$(ARCHS_STANDARD_32_BIT)";
				CLANG_ENABLE_OBJC_ARC = YES;
				"CODE_SIGN_IDENTITY[sdk=iphoneos*]" = "iPhone Developer";
				COPY_PHASE_STRIP = NO;
				GCC_C_LANGUAGE_STANDARD = gnu99;
				GCC_DYNAMIC_NO_PIC = NO;
				GCC_OPTIMIZATION_LEVEL = 0;
				GCC_PREPROCESSOR_DEFINITIONS = (
					"DEBUG=1",
					"$(inherited)",
				);
				GCC_SYMBOLS_PRIVATE_EXTERN = NO;
				GCC_VERSION = com.apple.compilers.llvm.clang.1_0;
				GCC_WARN_ABOUT_MISSING_PROTOTYPES = YES;
				GCC_WARN_ABOUT_RETURN_TYPE = YES;
				GCC_WARN_UNUSED_VARIABLE = YES;
				IPHONEOS_DEPLOYMENT_TARGET = 5.0;
				SDKROOT = iphoneos;
				TARGETED_DEVICE_FAMILY = "1,2";
			};
			name = Debug;
		};
		69339965149B141100DD4E53 /* Release */ = {
			isa = XCBuildConfiguration;
			buildSettings = {
				ALWAYS_SEARCH_USER_PATHS = NO;
				ARCHS = "$(ARCHS_STANDARD_32_BIT)";
				CLANG_ENABLE_OBJC_ARC = YES;
				"CODE_SIGN_IDENTITY[sdk=iphoneos*]" = "iPhone Developer";
				COPY_PHASE_STRIP = YES;
				GCC_C_LANGUAGE_STANDARD = gnu99;
				GCC_VERSION = com.apple.compilers.llvm.clang.1_0;
				GCC_WARN_ABOUT_MISSING_PROTOTYPES = YES;
				GCC_WARN_ABOUT_RETURN_TYPE = YES;
				GCC_WARN_UNUSED_VARIABLE = YES;
				IPHONEOS_DEPLOYMENT_TARGET = 5.0;
				OTHER_CFLAGS = "-DNS_BLOCK_ASSERTIONS=1";
				SDKROOT = iphoneos;
				TARGETED_DEVICE_FAMILY = "1,2";
				VALIDATE_PRODUCT = YES;
			};
			name = Release;
		};
		69339967149B141100DD4E53 /* Debug */ = {
			isa = XCBuildConfiguration;
			buildSettings = {
				GCC_PRECOMPILE_PREFIX_HEADER = YES;
				GCC_PREFIX_HEADER = "Atomier/Atomier-Prefix.pch";
				INFOPLIST_FILE = "Atomier/Atomier-Info.plist";
				PRODUCT_NAME = "$(TARGET_NAME)";
				WRAPPER_EXTENSION = app;
			};
			name = Debug;
		};
		69339968149B141100DD4E53 /* Release */ = {
			isa = XCBuildConfiguration;
			buildSettings = {
				GCC_PRECOMPILE_PREFIX_HEADER = YES;
				GCC_PREFIX_HEADER = "Atomier/Atomier-Prefix.pch";
				INFOPLIST_FILE = "Atomier/Atomier-Info.plist";
				PRODUCT_NAME = "$(TARGET_NAME)";
				WRAPPER_EXTENSION = app;
			};
			name = Release;
		};
/* End XCBuildConfiguration section */

/* Begin XCConfigurationList section */
		6933993F149B141100DD4E53 /* Build configuration list for PBXProject "Atomier" */ = {
			isa = XCConfigurationList;
			buildConfigurations = (
				69339964149B141100DD4E53 /* Debug */,
				69339965149B141100DD4E53 /* Release */,
			);
			defaultConfigurationIsVisible = 0;
			defaultConfigurationName = Release;
		};
		69339966149B141100DD4E53 /* Build configuration list for PBXNativeTarget "Atomier" */ = {
			isa = XCConfigurationList;
			buildConfigurations = (
				69339967149B141100DD4E53 /* Debug */,
				69339968149B141100DD4E53 /* Release */,
			);
			defaultConfigurationIsVisible = 0;
			defaultConfigurationName = Release;
		};
/* End XCConfigurationList section */
	};
	rootObject = 6933993C149B141100DD4E53 /* Project object */;
}
