// !$*UTF8*$!
{
	archiveVersion = 1;
	classes = {
	};
	objectVersion = 46;
	objects = {

/* Begin PBXBuildFile section */
		6902A91E14AAA911001A594A /* StandViewController.m in Sources */ = {isa = PBXBuildFile; fileRef = 6902A91D14AAA911001A594A /* StandViewController.m */; };
		69142930149DAF010096C5AE /* CDataChunk.m in Sources */ = {isa = PBXBuildFile; fileRef = 6914290F149DAF010096C5AE /* CDataChunk.m */; settings = {COMPILER_FLAGS = "-fno-objc-arc"; }; };
		69142931149DAF010096C5AE /* Chunk.m in Sources */ = {isa = PBXBuildFile; fileRef = 69142911149DAF010096C5AE /* Chunk.m */; settings = {COMPILER_FLAGS = "-fno-objc-arc"; }; };
		69142932149DAF010096C5AE /* CommentChunk.m in Sources */ = {isa = PBXBuildFile; fileRef = 69142913149DAF010096C5AE /* CommentChunk.m */; settings = {COMPILER_FLAGS = "-fno-objc-arc"; }; };
		69142933149DAF010096C5AE /* CSSPartMatcher.m in Sources */ = {isa = PBXBuildFile; fileRef = 69142915149DAF010096C5AE /* CSSPartMatcher.m */; settings = {COMPILER_FLAGS = "-fno-objc-arc"; }; };
		69142934149DAF010096C5AE /* CSSSelector.m in Sources */ = {isa = PBXBuildFile; fileRef = 69142917149DAF010096C5AE /* CSSSelector.m */; settings = {COMPILER_FLAGS = "-fno-objc-arc"; }; };
		69142935149DAF010096C5AE /* CSSSelectorMatcher.m in Sources */ = {isa = PBXBuildFile; fileRef = 69142919149DAF010096C5AE /* CSSSelectorMatcher.m */; settings = {COMPILER_FLAGS = "-fno-objc-arc"; }; };
		69142936149DAF010096C5AE /* CSSSelectorPart.m in Sources */ = {isa = PBXBuildFile; fileRef = 6914291B149DAF010096C5AE /* CSSSelectorPart.m */; settings = {COMPILER_FLAGS = "-fno-objc-arc"; }; };
		69142937149DAF010096C5AE /* DoctypeChunk.m in Sources */ = {isa = PBXBuildFile; fileRef = 6914291D149DAF010096C5AE /* DoctypeChunk.m */; settings = {COMPILER_FLAGS = "-fno-objc-arc"; }; };
		69142938149DAF010096C5AE /* DocumentRoot.m in Sources */ = {isa = PBXBuildFile; fileRef = 6914291F149DAF010096C5AE /* DocumentRoot.m */; settings = {COMPILER_FLAGS = "-fno-objc-arc"; }; };
		69142939149DAF010096C5AE /* Element.m in Sources */ = {isa = PBXBuildFile; fileRef = 69142921149DAF010096C5AE /* Element.m */; settings = {COMPILER_FLAGS = "-fno-objc-arc"; }; };
		6914293A149DAF010096C5AE /* ElementParser.m in Sources */ = {isa = PBXBuildFile; fileRef = 69142923149DAF010096C5AE /* ElementParser.m */; settings = {COMPILER_FLAGS = "-fno-objc-arc"; }; };
		6914293B149DAF010096C5AE /* EntityChunk.m in Sources */ = {isa = PBXBuildFile; fileRef = 69142925149DAF010096C5AE /* EntityChunk.m */; settings = {COMPILER_FLAGS = "-fno-objc-arc"; }; };
		6914293C149DAF010096C5AE /* NSString_HTML.m in Sources */ = {isa = PBXBuildFile; fileRef = 69142927149DAF010096C5AE /* NSString_HTML.m */; settings = {COMPILER_FLAGS = "-fno-objc-arc"; }; };
		6914293D149DAF010096C5AE /* ProcessingInstructionChunk.m in Sources */ = {isa = PBXBuildFile; fileRef = 69142929149DAF010096C5AE /* ProcessingInstructionChunk.m */; settings = {COMPILER_FLAGS = "-fno-objc-arc"; }; };
		6914293E149DAF010096C5AE /* TagChunk.m in Sources */ = {isa = PBXBuildFile; fileRef = 6914292B149DAF010096C5AE /* TagChunk.m */; settings = {COMPILER_FLAGS = "-fno-objc-arc"; }; };
		6914293F149DAF010096C5AE /* TxtChunk.m in Sources */ = {isa = PBXBuildFile; fileRef = 6914292D149DAF010096C5AE /* TxtChunk.m */; settings = {COMPILER_FLAGS = "-fno-objc-arc"; }; };
		69142940149DAF010096C5AE /* URLParser.m in Sources */ = {isa = PBXBuildFile; fileRef = 6914292F149DAF010096C5AE /* URLParser.m */; settings = {COMPILER_FLAGS = "-fno-objc-arc"; }; };
		69142943149DC8550096C5AE /* PreviewFeed.m in Sources */ = {isa = PBXBuildFile; fileRef = 69142942149DC8550096C5AE /* PreviewFeed.m */; };
		6933994A149B141100DD4E53 /* UIKit.framework in Frameworks */ = {isa = PBXBuildFile; fileRef = 69339949149B141100DD4E53 /* UIKit.framework */; };
		6933994C149B141100DD4E53 /* Foundation.framework in Frameworks */ = {isa = PBXBuildFile; fileRef = 6933994B149B141100DD4E53 /* Foundation.framework */; };
		6933994E149B141100DD4E53 /* CoreGraphics.framework in Frameworks */ = {isa = PBXBuildFile; fileRef = 6933994D149B141100DD4E53 /* CoreGraphics.framework */; };
		69339954149B141100DD4E53 /* InfoPlist.strings in Resources */ = {isa = PBXBuildFile; fileRef = 69339952149B141100DD4E53 /* InfoPlist.strings */; };
		69339956149B141100DD4E53 /* main.m in Sources */ = {isa = PBXBuildFile; fileRef = 69339955149B141100DD4E53 /* main.m */; };
		6933995A149B141100DD4E53 /* AppDelegate.m in Sources */ = {isa = PBXBuildFile; fileRef = 69339959149B141100DD4E53 /* AppDelegate.m */; };
		6933995D149B141100DD4E53 /* MainStoryboard_iPhone.storyboard in Resources */ = {isa = PBXBuildFile; fileRef = 6933995B149B141100DD4E53 /* MainStoryboard_iPhone.storyboard */; };
		69339960149B141100DD4E53 /* MainStoryboard_iPad.storyboard in Resources */ = {isa = PBXBuildFile; fileRef = 6933995E149B141100DD4E53 /* MainStoryboard_iPad.storyboard */; };
		69339963149B141100DD4E53 /* ViewController.m in Sources */ = {isa = PBXBuildFile; fileRef = 69339962149B141100DD4E53 /* ViewController.m */; };
		693CA384149F740300DA7DC8 /* FeedsViewController.m in Sources */ = {isa = PBXBuildFile; fileRef = 693CA383149F740300DA7DC8 /* FeedsViewController.m */; };
		693CA387149F774F00DA7DC8 /* FeedsViewCell.m in Sources */ = {isa = PBXBuildFile; fileRef = 693CA386149F774F00DA7DC8 /* FeedsViewCell.m */; };
		695035DF149B181D005C7151 /* TopViewController.m in Sources */ = {isa = PBXBuildFile; fileRef = 695035DE149B181D005C7151 /* TopViewController.m */; };
		695035E6149B18E8005C7151 /* GoogleReader.m in Sources */ = {isa = PBXBuildFile; fileRef = 695035E5149B18E8005C7151 /* GoogleReader.m */; };
		695035FF149B1911005C7151 /* Reachability.m in Sources */ = {isa = PBXBuildFile; fileRef = 695035EA149B1911005C7151 /* Reachability.m */; settings = {COMPILER_FLAGS = "-fno-objc-arc"; }; };
		69503600149B1911005C7151 /* ASIAuthenticationDialog.m in Sources */ = {isa = PBXBuildFile; fileRef = 695035EC149B1911005C7151 /* ASIAuthenticationDialog.m */; settings = {COMPILER_FLAGS = "-fno-objc-arc"; }; };
		69503601149B1911005C7151 /* ASIInputStream.m in Sources */ = {isa = PBXBuildFile; fileRef = 695035F1149B1911005C7151 /* ASIInputStream.m */; settings = {COMPILER_FLAGS = "-fno-objc-arc"; }; };
		69503602149B1911005C7151 /* ASIFormDataRequest.m in Sources */ = {isa = PBXBuildFile; fileRef = 695035F3149B1911005C7151 /* ASIFormDataRequest.m */; settings = {COMPILER_FLAGS = "-fno-objc-arc"; }; };
		69503603149B1911005C7151 /* ASIHTTPRequest.m in Sources */ = {isa = PBXBuildFile; fileRef = 695035F5149B1911005C7151 /* ASIHTTPRequest.m */; settings = {COMPILER_FLAGS = "-fno-objc-arc"; }; };
		69503604149B1911005C7151 /* ASINetworkQueue.m in Sources */ = {isa = PBXBuildFile; fileRef = 695035F7149B1911005C7151 /* ASINetworkQueue.m */; settings = {COMPILER_FLAGS = "-fno-objc-arc"; }; };
		69503605149B1911005C7151 /* ASIDownloadCache.m in Sources */ = {isa = PBXBuildFile; fileRef = 695035FA149B1911005C7151 /* ASIDownloadCache.m */; settings = {COMPILER_FLAGS = "-fno-objc-arc"; }; };
		69503606149B1911005C7151 /* ASIDataCompressor.m in Sources */ = {isa = PBXBuildFile; fileRef = 695035FC149B1911005C7151 /* ASIDataCompressor.m */; settings = {COMPILER_FLAGS = "-fno-objc-arc"; }; };
		69503607149B1911005C7151 /* ASIDataDecompressor.m in Sources */ = {isa = PBXBuildFile; fileRef = 695035FE149B1911005C7151 /* ASIDataDecompressor.m */; settings = {COMPILER_FLAGS = "-fno-objc-arc"; }; };
		6950360B149B1966005C7151 /* CoreData.framework in Frameworks */ = {isa = PBXBuildFile; fileRef = 6950360A149B1966005C7151 /* CoreData.framework */; };
		6950360D149B196D005C7151 /* CFNetwork.framework in Frameworks */ = {isa = PBXBuildFile; fileRef = 6950360C149B196D005C7151 /* CFNetwork.framework */; };
		69503611149B1980005C7151 /* libz.dylib in Frameworks */ = {isa = PBXBuildFile; fileRef = 6950360E149B1980005C7151 /* libz.dylib */; };
		69503612149B1980005C7151 /* MobileCoreServices.framework in Frameworks */ = {isa = PBXBuildFile; fileRef = 6950360F149B1980005C7151 /* MobileCoreServices.framework */; };
		69503613149B1980005C7151 /* SystemConfiguration.framework in Frameworks */ = {isa = PBXBuildFile; fileRef = 69503610149B1980005C7151 /* SystemConfiguration.framework */; };
		6950362B149B368D005C7151 /* ContentOrganizer.m in Sources */ = {isa = PBXBuildFile; fileRef = 6950362A149B368D005C7151 /* ContentOrganizer.m */; };
		6950362E149B3B8B005C7151 /* TopViewCell.m in Sources */ = {isa = PBXBuildFile; fileRef = 6950362D149B3B8B005C7151 /* TopViewCell.m */; };
		6950363A149B53B4005C7151 /* FilterNoneBlack.png in Resources */ = {isa = PBXBuildFile; fileRef = 69503630149B53B4005C7151 /* FilterNoneBlack.png */; };
		6950363B149B53B4005C7151 /* FilterNoneBlack@2x.png in Resources */ = {isa = PBXBuildFile; fileRef = 69503631149B53B4005C7151 /* FilterNoneBlack@2x.png */; };
		6950363C149B53B4005C7151 /* StarredItem.png in Resources */ = {isa = PBXBuildFile; fileRef = 69503632149B53B4005C7151 /* StarredItem.png */; };
		6950363D149B53B4005C7151 /* StarredItem@2x.png in Resources */ = {isa = PBXBuildFile; fileRef = 69503633149B53B4005C7151 /* StarredItem@2x.png */; };
		6950363E149B53B4005C7151 /* UnreadItem.png in Resources */ = {isa = PBXBuildFile; fileRef = 69503634149B53B4005C7151 /* UnreadItem.png */; };
		6950363F149B53B4005C7151 /* UnreadItem@2x.png in Resources */ = {isa = PBXBuildFile; fileRef = 69503635149B53B4005C7151 /* UnreadItem@2x.png */; };
		69503640149B53B4005C7151 /* FeedDefaultIcon.png in Resources */ = {isa = PBXBuildFile; fileRef = 69503636149B53B4005C7151 /* FeedDefaultIcon.png */; };
		69503641149B53B4005C7151 /* FeedDefaultIcon@2x.png in Resources */ = {isa = PBXBuildFile; fileRef = 69503637149B53B4005C7151 /* FeedDefaultIcon@2x.png */; };
		69503642149B53B4005C7151 /* Folder.png in Resources */ = {isa = PBXBuildFile; fileRef = 69503638149B53B4005C7151 /* Folder.png */; };
		69503643149B53B4005C7151 /* Folder@2x.png in Resources */ = {isa = PBXBuildFile; fileRef = 69503639149B53B4005C7151 /* Folder@2x.png */; };
		69503651149B65F9005C7151 /* ReaderStandard.xcdatamodel in Sources */ = {isa = PBXBuildFile; fileRef = 69503644149B65F8005C7151 /* ReaderStandard.xcdatamodel */; };
		69503652149B65F9005C7151 /* Tag.m in Sources */ = {isa = PBXBuildFile; fileRef = 69503646149B65F8005C7151 /* Tag.m */; };
		69503653149B65F9005C7151 /* Content.m in Sources */ = {isa = PBXBuildFile; fileRef = 69503648149B65F8005C7151 /* Content.m */; };
		69503654149B65F9005C7151 /* Alternate.m in Sources */ = {isa = PBXBuildFile; fileRef = 6950364A149B65F8005C7151 /* Alternate.m */; };
		69503655149B65F9005C7151 /* Subscription.m in Sources */ = {isa = PBXBuildFile; fileRef = 6950364C149B65F8005C7151 /* Subscription.m */; };
		69503657149B65F9005C7151 /* Feed.m in Sources */ = {isa = PBXBuildFile; fileRef = 69503650149B65F9005C7151 /* Feed.m */; };
		69503658149B6B9D005C7151 /* Category.m in Sources */ = {isa = PBXBuildFile; fileRef = 6950364E149B65F9005C7151 /* Category.m */; };
		696ECEA614A0B6A300FE5706 /* WebViewController.m in Sources */ = {isa = PBXBuildFile; fileRef = 696ECEA514A0B6A300FE5706 /* WebViewController.m */; };
		696ECEAC14A0B93400FE5706 /* Back.png in Resources */ = {isa = PBXBuildFile; fileRef = 696ECEA814A0B93400FE5706 /* Back.png */; };
		696ECEAD14A0B93400FE5706 /* Back@2x.png in Resources */ = {isa = PBXBuildFile; fileRef = 696ECEA914A0B93400FE5706 /* Back@2x.png */; };
		696ECEAE14A0B93400FE5706 /* Forward.png in Resources */ = {isa = PBXBuildFile; fileRef = 696ECEAA14A0B93400FE5706 /* Forward.png */; };
		696ECEAF14A0B93400FE5706 /* Forward@2x.png in Resources */ = {isa = PBXBuildFile; fileRef = 696ECEAB14A0B93400FE5706 /* Forward@2x.png */; };
		696ECEB214A0C8C200FE5706 /* FeedViewController.m in Sources */ = {isa = PBXBuildFile; fileRef = 696ECEB114A0C8C200FE5706 /* FeedViewController.m */; };
		696ECEB814A0CAE300FE5706 /* main.css in Resources */ = {isa = PBXBuildFile; fileRef = 696ECEB714A0CAE300FE5706 /* main.css */; };
		698309D214A852F7008CCE5E /* Twitter.framework in Frameworks */ = {isa = PBXBuildFile; fileRef = 698309D114A852F6008CCE5E /* Twitter.framework */; };
		698BC99F14A433EA00617269 /* StarredOff.png in Resources */ = {isa = PBXBuildFile; fileRef = 698BC99714A433EA00617269 /* StarredOff.png */; };
		698BC9A014A433EA00617269 /* StarredOff@2x.png in Resources */ = {isa = PBXBuildFile; fileRef = 698BC99814A433EA00617269 /* StarredOff@2x.png */; };
		698BC9A114A433EA00617269 /* StarredOn.png in Resources */ = {isa = PBXBuildFile; fileRef = 698BC99914A433EA00617269 /* StarredOn.png */; };
		698BC9A214A433EA00617269 /* StarredOn@2x.png in Resources */ = {isa = PBXBuildFile; fileRef = 698BC99A14A433EA00617269 /* StarredOn@2x.png */; };
		698BC9A314A433EA00617269 /* UnreadOff.png in Resources */ = {isa = PBXBuildFile; fileRef = 698BC99B14A433EA00617269 /* UnreadOff.png */; };
		698BC9A414A433EA00617269 /* UnreadOff@2x.png in Resources */ = {isa = PBXBuildFile; fileRef = 698BC99C14A433EA00617269 /* UnreadOff@2x.png */; };
		698BC9A514A433EA00617269 /* UnreadOn.png in Resources */ = {isa = PBXBuildFile; fileRef = 698BC99D14A433EA00617269 /* UnreadOn.png */; };
		698BC9A614A433EA00617269 /* UnreadOn@2x.png in Resources */ = {isa = PBXBuildFile; fileRef = 698BC99E14A433EA00617269 /* UnreadOn@2x.png */; };
		698BCA6B14A45A2F00617269 /* Localizable.strings in Resources */ = {isa = PBXBuildFile; fileRef = 698BC9F514A45A2F00617269 /* Localizable.strings */; };
		698BCA8F14A45B6800617269 /* Security.framework in Frameworks */ = {isa = PBXBuildFile; fileRef = 698BCA8E14A45B6800617269 /* Security.framework */; };
		698BCA9114A45B7900617269 /* MessageUI.framework in Frameworks */ = {isa = PBXBuildFile; fileRef = 698BCA9014A45B7900617269 /* MessageUI.framework */; };
/* End PBXBuildFile section */

/* Begin PBXFileReference section */
		6902A91C14AAA911001A594A /* StandViewController.h */ = {isa = PBXFileReference; fileEncoding = 4; lastKnownFileType = sourcecode.c.h; path = StandViewController.h; sourceTree = "<group>"; };
		6902A91D14AAA911001A594A /* StandViewController.m */ = {isa = PBXFileReference; fileEncoding = 4; lastKnownFileType = sourcecode.c.objc; path = StandViewController.m; sourceTree = "<group>"; };
		6914290E149DAF010096C5AE /* CDataChunk.h */ = {isa = PBXFileReference; fileEncoding = 4; lastKnownFileType = sourcecode.c.h; path = CDataChunk.h; sourceTree = "<group>"; };
		6914290F149DAF010096C5AE /* CDataChunk.m */ = {isa = PBXFileReference; fileEncoding = 4; lastKnownFileType = sourcecode.c.objc; path = CDataChunk.m; sourceTree = "<group>"; };
		69142910149DAF010096C5AE /* Chunk.h */ = {isa = PBXFileReference; fileEncoding = 4; lastKnownFileType = sourcecode.c.h; path = Chunk.h; sourceTree = "<group>"; };
		69142911149DAF010096C5AE /* Chunk.m */ = {isa = PBXFileReference; fileEncoding = 4; lastKnownFileType = sourcecode.c.objc; path = Chunk.m; sourceTree = "<group>"; };
		69142912149DAF010096C5AE /* CommentChunk.h */ = {isa = PBXFileReference; fileEncoding = 4; lastKnownFileType = sourcecode.c.h; path = CommentChunk.h; sourceTree = "<group>"; };
		69142913149DAF010096C5AE /* CommentChunk.m */ = {isa = PBXFileReference; fileEncoding = 4; lastKnownFileType = sourcecode.c.objc; path = CommentChunk.m; sourceTree = "<group>"; };
		69142914149DAF010096C5AE /* CSSPartMatcher.h */ = {isa = PBXFileReference; fileEncoding = 4; lastKnownFileType = sourcecode.c.h; path = CSSPartMatcher.h; sourceTree = "<group>"; };
		69142915149DAF010096C5AE /* CSSPartMatcher.m */ = {isa = PBXFileReference; fileEncoding = 4; lastKnownFileType = sourcecode.c.objc; path = CSSPartMatcher.m; sourceTree = "<group>"; };
		69142916149DAF010096C5AE /* CSSSelector.h */ = {isa = PBXFileReference; fileEncoding = 4; lastKnownFileType = sourcecode.c.h; path = CSSSelector.h; sourceTree = "<group>"; };
		69142917149DAF010096C5AE /* CSSSelector.m */ = {isa = PBXFileReference; fileEncoding = 4; lastKnownFileType = sourcecode.c.objc; path = CSSSelector.m; sourceTree = "<group>"; };
		69142918149DAF010096C5AE /* CSSSelectorMatcher.h */ = {isa = PBXFileReference; fileEncoding = 4; lastKnownFileType = sourcecode.c.h; path = CSSSelectorMatcher.h; sourceTree = "<group>"; };
		69142919149DAF010096C5AE /* CSSSelectorMatcher.m */ = {isa = PBXFileReference; fileEncoding = 4; lastKnownFileType = sourcecode.c.objc; path = CSSSelectorMatcher.m; sourceTree = "<group>"; };
		6914291A149DAF010096C5AE /* CSSSelectorPart.h */ = {isa = PBXFileReference; fileEncoding = 4; lastKnownFileType = sourcecode.c.h; path = CSSSelectorPart.h; sourceTree = "<group>"; };
		6914291B149DAF010096C5AE /* CSSSelectorPart.m */ = {isa = PBXFileReference; fileEncoding = 4; lastKnownFileType = sourcecode.c.objc; path = CSSSelectorPart.m; sourceTree = "<group>"; };
		6914291C149DAF010096C5AE /* DoctypeChunk.h */ = {isa = PBXFileReference; fileEncoding = 4; lastKnownFileType = sourcecode.c.h; path = DoctypeChunk.h; sourceTree = "<group>"; };
		6914291D149DAF010096C5AE /* DoctypeChunk.m */ = {isa = PBXFileReference; fileEncoding = 4; lastKnownFileType = sourcecode.c.objc; path = DoctypeChunk.m; sourceTree = "<group>"; };
		6914291E149DAF010096C5AE /* DocumentRoot.h */ = {isa = PBXFileReference; fileEncoding = 4; lastKnownFileType = sourcecode.c.h; path = DocumentRoot.h; sourceTree = "<group>"; };
		6914291F149DAF010096C5AE /* DocumentRoot.m */ = {isa = PBXFileReference; fileEncoding = 4; lastKnownFileType = sourcecode.c.objc; path = DocumentRoot.m; sourceTree = "<group>"; };
		69142920149DAF010096C5AE /* Element.h */ = {isa = PBXFileReference; fileEncoding = 4; lastKnownFileType = sourcecode.c.h; path = Element.h; sourceTree = "<group>"; };
		69142921149DAF010096C5AE /* Element.m */ = {isa = PBXFileReference; fileEncoding = 4; lastKnownFileType = sourcecode.c.objc; path = Element.m; sourceTree = "<group>"; };
		69142922149DAF010096C5AE /* ElementParser.h */ = {isa = PBXFileReference; fileEncoding = 4; lastKnownFileType = sourcecode.c.h; path = ElementParser.h; sourceTree = "<group>"; };
		69142923149DAF010096C5AE /* ElementParser.m */ = {isa = PBXFileReference; fileEncoding = 4; lastKnownFileType = sourcecode.c.objc; path = ElementParser.m; sourceTree = "<group>"; };
		69142924149DAF010096C5AE /* EntityChunk.h */ = {isa = PBXFileReference; fileEncoding = 4; lastKnownFileType = sourcecode.c.h; path = EntityChunk.h; sourceTree = "<group>"; };
		69142925149DAF010096C5AE /* EntityChunk.m */ = {isa = PBXFileReference; fileEncoding = 4; lastKnownFileType = sourcecode.c.objc; path = EntityChunk.m; sourceTree = "<group>"; };
		69142926149DAF010096C5AE /* NSString_HTML.h */ = {isa = PBXFileReference; fileEncoding = 4; lastKnownFileType = sourcecode.c.h; path = NSString_HTML.h; sourceTree = "<group>"; };
		69142927149DAF010096C5AE /* NSString_HTML.m */ = {isa = PBXFileReference; fileEncoding = 4; lastKnownFileType = sourcecode.c.objc; path = NSString_HTML.m; sourceTree = "<group>"; };
		69142928149DAF010096C5AE /* ProcessingInstructionChunk.h */ = {isa = PBXFileReference; fileEncoding = 4; lastKnownFileType = sourcecode.c.h; path = ProcessingInstructionChunk.h; sourceTree = "<group>"; };
		69142929149DAF010096C5AE /* ProcessingInstructionChunk.m */ = {isa = PBXFileReference; fileEncoding = 4; lastKnownFileType = sourcecode.c.objc; path = ProcessingInstructionChunk.m; sourceTree = "<group>"; };
		6914292A149DAF010096C5AE /* TagChunk.h */ = {isa = PBXFileReference; fileEncoding = 4; lastKnownFileType = sourcecode.c.h; path = TagChunk.h; sourceTree = "<group>"; };
		6914292B149DAF010096C5AE /* TagChunk.m */ = {isa = PBXFileReference; fileEncoding = 4; lastKnownFileType = sourcecode.c.objc; path = TagChunk.m; sourceTree = "<group>"; };
		6914292C149DAF010096C5AE /* TxtChunk.h */ = {isa = PBXFileReference; fileEncoding = 4; lastKnownFileType = sourcecode.c.h; path = TxtChunk.h; sourceTree = "<group>"; };
		6914292D149DAF010096C5AE /* TxtChunk.m */ = {isa = PBXFileReference; fileEncoding = 4; lastKnownFileType = sourcecode.c.objc; path = TxtChunk.m; sourceTree = "<group>"; };
		6914292E149DAF010096C5AE /* URLParser.h */ = {isa = PBXFileReference; fileEncoding = 4; lastKnownFileType = sourcecode.c.h; path = URLParser.h; sourceTree = "<group>"; };
		6914292F149DAF010096C5AE /* URLParser.m */ = {isa = PBXFileReference; fileEncoding = 4; lastKnownFileType = sourcecode.c.objc; path = URLParser.m; sourceTree = "<group>"; };
		69142941149DC8550096C5AE /* PreviewFeed.h */ = {isa = PBXFileReference; fileEncoding = 4; lastKnownFileType = sourcecode.c.h; path = PreviewFeed.h; sourceTree = "<group>"; };
		69142942149DC8550096C5AE /* PreviewFeed.m */ = {isa = PBXFileReference; fileEncoding = 4; lastKnownFileType = sourcecode.c.objc; path = PreviewFeed.m; sourceTree = "<group>"; };
		69339945149B141100DD4E53 /* Syndi.app */ = {isa = PBXFileReference; explicitFileType = wrapper.application; includeInIndex = 0; path = Syndi.app; sourceTree = BUILT_PRODUCTS_DIR; };
		69339949149B141100DD4E53 /* UIKit.framework */ = {isa = PBXFileReference; lastKnownFileType = wrapper.framework; name = UIKit.framework; path = System/Library/Frameworks/UIKit.framework; sourceTree = SDKROOT; };
		6933994B149B141100DD4E53 /* Foundation.framework */ = {isa = PBXFileReference; lastKnownFileType = wrapper.framework; name = Foundation.framework; path = System/Library/Frameworks/Foundation.framework; sourceTree = SDKROOT; };
		6933994D149B141100DD4E53 /* CoreGraphics.framework */ = {isa = PBXFileReference; lastKnownFileType = wrapper.framework; name = CoreGraphics.framework; path = System/Library/Frameworks/CoreGraphics.framework; sourceTree = SDKROOT; };
		69339951149B141100DD4E53 /* Atomier-Info.plist */ = {isa = PBXFileReference; lastKnownFileType = text.plist.xml; path = "Atomier-Info.plist"; sourceTree = "<group>"; };
		69339953149B141100DD4E53 /* en */ = {isa = PBXFileReference; lastKnownFileType = text.plist.strings; name = en; path = en.lproj/InfoPlist.strings; sourceTree = "<group>"; };
		69339955149B141100DD4E53 /* main.m */ = {isa = PBXFileReference; lastKnownFileType = sourcecode.c.objc; path = main.m; sourceTree = "<group>"; };
		69339957149B141100DD4E53 /* Atomier-Prefix.pch */ = {isa = PBXFileReference; lastKnownFileType = sourcecode.c.h; path = "Atomier-Prefix.pch"; sourceTree = "<group>"; };
		69339958149B141100DD4E53 /* AppDelegate.h */ = {isa = PBXFileReference; lastKnownFileType = sourcecode.c.h; path = AppDelegate.h; sourceTree = "<group>"; };
		69339959149B141100DD4E53 /* AppDelegate.m */ = {isa = PBXFileReference; lastKnownFileType = sourcecode.c.objc; path = AppDelegate.m; sourceTree = "<group>"; };
		6933995C149B141100DD4E53 /* en */ = {isa = PBXFileReference; lastKnownFileType = file.storyboard; name = en; path = en.lproj/MainStoryboard_iPhone.storyboard; sourceTree = "<group>"; };
		6933995F149B141100DD4E53 /* en */ = {isa = PBXFileReference; lastKnownFileType = file.storyboard; name = en; path = en.lproj/MainStoryboard_iPad.storyboard; sourceTree = "<group>"; };
		69339961149B141100DD4E53 /* ViewController.h */ = {isa = PBXFileReference; lastKnownFileType = sourcecode.c.h; path = ViewController.h; sourceTree = "<group>"; };
		69339962149B141100DD4E53 /* ViewController.m */ = {isa = PBXFileReference; lastKnownFileType = sourcecode.c.objc; path = ViewController.m; sourceTree = "<group>"; };
		693CA382149F740300DA7DC8 /* FeedsViewController.h */ = {isa = PBXFileReference; fileEncoding = 4; lastKnownFileType = sourcecode.c.h; path = FeedsViewController.h; sourceTree = "<group>"; };
		693CA383149F740300DA7DC8 /* FeedsViewController.m */ = {isa = PBXFileReference; fileEncoding = 4; lastKnownFileType = sourcecode.c.objc; path = FeedsViewController.m; sourceTree = "<group>"; };
		693CA385149F774E00DA7DC8 /* FeedsViewCell.h */ = {isa = PBXFileReference; fileEncoding = 4; lastKnownFileType = sourcecode.c.h; path = FeedsViewCell.h; sourceTree = "<group>"; };
		693CA386149F774F00DA7DC8 /* FeedsViewCell.m */ = {isa = PBXFileReference; fileEncoding = 4; lastKnownFileType = sourcecode.c.objc; path = FeedsViewCell.m; sourceTree = "<group>"; };
		695035DD149B181D005C7151 /* TopViewController.h */ = {isa = PBXFileReference; fileEncoding = 4; lastKnownFileType = sourcecode.c.h; path = TopViewController.h; sourceTree = "<group>"; };
		695035DE149B181D005C7151 /* TopViewController.m */ = {isa = PBXFileReference; fileEncoding = 4; lastKnownFileType = sourcecode.c.objc; path = TopViewController.m; sourceTree = "<group>"; };
		695035E4149B18E8005C7151 /* GoogleReader.h */ = {isa = PBXFileReference; fileEncoding = 4; lastKnownFileType = sourcecode.c.h; name = GoogleReader.h; path = ../../ReaderStandard/ReaderStandard/GoogleReader.h; sourceTree = "<group>"; };
		695035E5149B18E8005C7151 /* GoogleReader.m */ = {isa = PBXFileReference; fileEncoding = 4; lastKnownFileType = sourcecode.c.objc; name = GoogleReader.m; path = ../../ReaderStandard/ReaderStandard/GoogleReader.m; sourceTree = "<group>"; };
		695035E9149B1911005C7151 /* Reachability.h */ = {isa = PBXFileReference; fileEncoding = 4; lastKnownFileType = sourcecode.c.h; path = Reachability.h; sourceTree = "<group>"; };
		695035EA149B1911005C7151 /* Reachability.m */ = {isa = PBXFileReference; fileEncoding = 4; lastKnownFileType = sourcecode.c.objc; path = Reachability.m; sourceTree = "<group>"; };
		695035EB149B1911005C7151 /* ASIAuthenticationDialog.h */ = {isa = PBXFileReference; fileEncoding = 4; lastKnownFileType = sourcecode.c.h; path = ASIAuthenticationDialog.h; sourceTree = "<group>"; };
		695035EC149B1911005C7151 /* ASIAuthenticationDialog.m */ = {isa = PBXFileReference; fileEncoding = 4; lastKnownFileType = sourcecode.c.objc; path = ASIAuthenticationDialog.m; sourceTree = "<group>"; };
		695035ED149B1911005C7151 /* ASIHTTPRequestConfig.h */ = {isa = PBXFileReference; fileEncoding = 4; lastKnownFileType = sourcecode.c.h; path = ASIHTTPRequestConfig.h; sourceTree = "<group>"; };
		695035EE149B1911005C7151 /* ASIProgressDelegate.h */ = {isa = PBXFileReference; fileEncoding = 4; lastKnownFileType = sourcecode.c.h; path = ASIProgressDelegate.h; sourceTree = "<group>"; };
		695035EF149B1911005C7151 /* ASIHTTPRequestDelegate.h */ = {isa = PBXFileReference; fileEncoding = 4; lastKnownFileType = sourcecode.c.h; path = ASIHTTPRequestDelegate.h; sourceTree = "<group>"; };
		695035F0149B1911005C7151 /* ASIInputStream.h */ = {isa = PBXFileReference; fileEncoding = 4; lastKnownFileType = sourcecode.c.h; path = ASIInputStream.h; sourceTree = "<group>"; };
		695035F1149B1911005C7151 /* ASIInputStream.m */ = {isa = PBXFileReference; fileEncoding = 4; lastKnownFileType = sourcecode.c.objc; path = ASIInputStream.m; sourceTree = "<group>"; };
		695035F2149B1911005C7151 /* ASIFormDataRequest.h */ = {isa = PBXFileReference; fileEncoding = 4; lastKnownFileType = sourcecode.c.h; path = ASIFormDataRequest.h; sourceTree = "<group>"; };
		695035F3149B1911005C7151 /* ASIFormDataRequest.m */ = {isa = PBXFileReference; fileEncoding = 4; lastKnownFileType = sourcecode.c.objc; path = ASIFormDataRequest.m; sourceTree = "<group>"; };
		695035F4149B1911005C7151 /* ASIHTTPRequest.h */ = {isa = PBXFileReference; fileEncoding = 4; lastKnownFileType = sourcecode.c.h; path = ASIHTTPRequest.h; sourceTree = "<group>"; };
		695035F5149B1911005C7151 /* ASIHTTPRequest.m */ = {isa = PBXFileReference; fileEncoding = 4; lastKnownFileType = sourcecode.c.objc; path = ASIHTTPRequest.m; sourceTree = "<group>"; };
		695035F6149B1911005C7151 /* ASINetworkQueue.h */ = {isa = PBXFileReference; fileEncoding = 4; lastKnownFileType = sourcecode.c.h; path = ASINetworkQueue.h; sourceTree = "<group>"; };
		695035F7149B1911005C7151 /* ASINetworkQueue.m */ = {isa = PBXFileReference; fileEncoding = 4; lastKnownFileType = sourcecode.c.objc; path = ASINetworkQueue.m; sourceTree = "<group>"; };
		695035F8149B1911005C7151 /* ASICacheDelegate.h */ = {isa = PBXFileReference; fileEncoding = 4; lastKnownFileType = sourcecode.c.h; path = ASICacheDelegate.h; sourceTree = "<group>"; };
		695035F9149B1911005C7151 /* ASIDownloadCache.h */ = {isa = PBXFileReference; fileEncoding = 4; lastKnownFileType = sourcecode.c.h; path = ASIDownloadCache.h; sourceTree = "<group>"; };
		695035FA149B1911005C7151 /* ASIDownloadCache.m */ = {isa = PBXFileReference; fileEncoding = 4; lastKnownFileType = sourcecode.c.objc; path = ASIDownloadCache.m; sourceTree = "<group>"; };
		695035FB149B1911005C7151 /* ASIDataCompressor.h */ = {isa = PBXFileReference; fileEncoding = 4; lastKnownFileType = sourcecode.c.h; path = ASIDataCompressor.h; sourceTree = "<group>"; };
		695035FC149B1911005C7151 /* ASIDataCompressor.m */ = {isa = PBXFileReference; fileEncoding = 4; lastKnownFileType = sourcecode.c.objc; path = ASIDataCompressor.m; sourceTree = "<group>"; };
		695035FD149B1911005C7151 /* ASIDataDecompressor.h */ = {isa = PBXFileReference; fileEncoding = 4; lastKnownFileType = sourcecode.c.h; path = ASIDataDecompressor.h; sourceTree = "<group>"; };
		695035FE149B1911005C7151 /* ASIDataDecompressor.m */ = {isa = PBXFileReference; fileEncoding = 4; lastKnownFileType = sourcecode.c.objc; path = ASIDataDecompressor.m; sourceTree = "<group>"; };
		6950360A149B1966005C7151 /* CoreData.framework */ = {isa = PBXFileReference; lastKnownFileType = wrapper.framework; name = CoreData.framework; path = System/Library/Frameworks/CoreData.framework; sourceTree = SDKROOT; };
		6950360C149B196D005C7151 /* CFNetwork.framework */ = {isa = PBXFileReference; lastKnownFileType = wrapper.framework; name = CFNetwork.framework; path = System/Library/Frameworks/CFNetwork.framework; sourceTree = SDKROOT; };
		6950360E149B1980005C7151 /* libz.dylib */ = {isa = PBXFileReference; lastKnownFileType = "compiled.mach-o.dylib"; name = libz.dylib; path = usr/lib/libz.dylib; sourceTree = SDKROOT; };
		6950360F149B1980005C7151 /* MobileCoreServices.framework */ = {isa = PBXFileReference; lastKnownFileType = wrapper.framework; name = MobileCoreServices.framework; path = System/Library/Frameworks/MobileCoreServices.framework; sourceTree = SDKROOT; };
		69503610149B1980005C7151 /* SystemConfiguration.framework */ = {isa = PBXFileReference; lastKnownFileType = wrapper.framework; name = SystemConfiguration.framework; path = System/Library/Frameworks/SystemConfiguration.framework; sourceTree = SDKROOT; };
		69503629149B368D005C7151 /* ContentOrganizer.h */ = {isa = PBXFileReference; fileEncoding = 4; lastKnownFileType = sourcecode.c.h; name = ContentOrganizer.h; path = ../../ReaderStandard/ReaderStandard/ContentOrganizer.h; sourceTree = "<group>"; };
		6950362A149B368D005C7151 /* ContentOrganizer.m */ = {isa = PBXFileReference; fileEncoding = 4; lastKnownFileType = sourcecode.c.objc; name = ContentOrganizer.m; path = ../../ReaderStandard/ReaderStandard/ContentOrganizer.m; sourceTree = "<group>"; };
		6950362C149B3B8B005C7151 /* TopViewCell.h */ = {isa = PBXFileReference; fileEncoding = 4; lastKnownFileType = sourcecode.c.h; path = TopViewCell.h; sourceTree = "<group>"; };
		6950362D149B3B8B005C7151 /* TopViewCell.m */ = {isa = PBXFileReference; fileEncoding = 4; lastKnownFileType = sourcecode.c.objc; path = TopViewCell.m; sourceTree = "<group>"; };
		69503630149B53B4005C7151 /* FilterNoneBlack.png */ = {isa = PBXFileReference; lastKnownFileType = image.png; path = FilterNoneBlack.png; sourceTree = "<group>"; };
		69503631149B53B4005C7151 /* FilterNoneBlack@2x.png */ = {isa = PBXFileReference; lastKnownFileType = image.png; path = "FilterNoneBlack@2x.png"; sourceTree = "<group>"; };
		69503632149B53B4005C7151 /* StarredItem.png */ = {isa = PBXFileReference; lastKnownFileType = image.png; path = StarredItem.png; sourceTree = "<group>"; };
		69503633149B53B4005C7151 /* StarredItem@2x.png */ = {isa = PBXFileReference; lastKnownFileType = image.png; path = "StarredItem@2x.png"; sourceTree = "<group>"; };
		69503634149B53B4005C7151 /* UnreadItem.png */ = {isa = PBXFileReference; lastKnownFileType = image.png; path = UnreadItem.png; sourceTree = "<group>"; };
		69503635149B53B4005C7151 /* UnreadItem@2x.png */ = {isa = PBXFileReference; lastKnownFileType = image.png; path = "UnreadItem@2x.png"; sourceTree = "<group>"; };
		69503636149B53B4005C7151 /* FeedDefaultIcon.png */ = {isa = PBXFileReference; lastKnownFileType = image.png; path = FeedDefaultIcon.png; sourceTree = "<group>"; };
		69503637149B53B4005C7151 /* FeedDefaultIcon@2x.png */ = {isa = PBXFileReference; lastKnownFileType = image.png; path = "FeedDefaultIcon@2x.png"; sourceTree = "<group>"; };
		69503638149B53B4005C7151 /* Folder.png */ = {isa = PBXFileReference; lastKnownFileType = image.png; path = Folder.png; sourceTree = "<group>"; };
		69503639149B53B4005C7151 /* Folder@2x.png */ = {isa = PBXFileReference; lastKnownFileType = image.png; path = "Folder@2x.png"; sourceTree = "<group>"; };
		69503644149B65F8005C7151 /* ReaderStandard.xcdatamodel */ = {isa = PBXFileReference; lastKnownFileType = wrapper.xcdatamodel; path = ReaderStandard.xcdatamodel; sourceTree = "<group>"; };
		69503645149B65F8005C7151 /* Tag.h */ = {isa = PBXFileReference; fileEncoding = 4; lastKnownFileType = sourcecode.c.h; path = Tag.h; sourceTree = "<group>"; };
		69503646149B65F8005C7151 /* Tag.m */ = {isa = PBXFileReference; fileEncoding = 4; lastKnownFileType = sourcecode.c.objc; path = Tag.m; sourceTree = "<group>"; };
		69503647149B65F8005C7151 /* Content.h */ = {isa = PBXFileReference; fileEncoding = 4; lastKnownFileType = sourcecode.c.h; path = Content.h; sourceTree = "<group>"; };
		69503648149B65F8005C7151 /* Content.m */ = {isa = PBXFileReference; fileEncoding = 4; lastKnownFileType = sourcecode.c.objc; path = Content.m; sourceTree = "<group>"; };
		69503649149B65F8005C7151 /* Alternate.h */ = {isa = PBXFileReference; fileEncoding = 4; lastKnownFileType = sourcecode.c.h; path = Alternate.h; sourceTree = "<group>"; };
		6950364A149B65F8005C7151 /* Alternate.m */ = {isa = PBXFileReference; fileEncoding = 4; lastKnownFileType = sourcecode.c.objc; path = Alternate.m; sourceTree = "<group>"; };
		6950364B149B65F8005C7151 /* Subscription.h */ = {isa = PBXFileReference; fileEncoding = 4; lastKnownFileType = sourcecode.c.h; path = Subscription.h; sourceTree = "<group>"; };
		6950364C149B65F8005C7151 /* Subscription.m */ = {isa = PBXFileReference; fileEncoding = 4; lastKnownFileType = sourcecode.c.objc; path = Subscription.m; sourceTree = "<group>"; };
		6950364D149B65F8005C7151 /* Category.h */ = {isa = PBXFileReference; fileEncoding = 4; lastKnownFileType = sourcecode.c.h; path = Category.h; sourceTree = "<group>"; };
		6950364E149B65F9005C7151 /* Category.m */ = {isa = PBXFileReference; fileEncoding = 4; lastKnownFileType = sourcecode.c.objc; path = Category.m; sourceTree = "<group>"; };
		6950364F149B65F9005C7151 /* Feed.h */ = {isa = PBXFileReference; fileEncoding = 4; lastKnownFileType = sourcecode.c.h; path = Feed.h; sourceTree = "<group>"; };
		69503650149B65F9005C7151 /* Feed.m */ = {isa = PBXFileReference; fileEncoding = 4; lastKnownFileType = sourcecode.c.objc; path = Feed.m; sourceTree = "<group>"; };
		696ECEA414A0B6A300FE5706 /* WebViewController.h */ = {isa = PBXFileReference; fileEncoding = 4; lastKnownFileType = sourcecode.c.h; path = WebViewController.h; sourceTree = "<group>"; };
		696ECEA514A0B6A300FE5706 /* WebViewController.m */ = {isa = PBXFileReference; fileEncoding = 4; lastKnownFileType = sourcecode.c.objc; path = WebViewController.m; sourceTree = "<group>"; };
		696ECEA814A0B93400FE5706 /* Back.png */ = {isa = PBXFileReference; lastKnownFileType = image.png; path = Back.png; sourceTree = "<group>"; };
		696ECEA914A0B93400FE5706 /* Back@2x.png */ = {isa = PBXFileReference; lastKnownFileType = image.png; path = "Back@2x.png"; sourceTree = "<group>"; };
		696ECEAA14A0B93400FE5706 /* Forward.png */ = {isa = PBXFileReference; lastKnownFileType = image.png; path = Forward.png; sourceTree = "<group>"; };
		696ECEAB14A0B93400FE5706 /* Forward@2x.png */ = {isa = PBXFileReference; lastKnownFileType = image.png; path = "Forward@2x.png"; sourceTree = "<group>"; };
		696ECEB014A0C8C200FE5706 /* FeedViewController.h */ = {isa = PBXFileReference; fileEncoding = 4; lastKnownFileType = sourcecode.c.h; path = FeedViewController.h; sourceTree = "<group>"; };
		696ECEB114A0C8C200FE5706 /* FeedViewController.m */ = {isa = PBXFileReference; fileEncoding = 4; lastKnownFileType = sourcecode.c.objc; path = FeedViewController.m; sourceTree = "<group>"; };
		696ECEB714A0CAE300FE5706 /* main.css */ = {isa = PBXFileReference; fileEncoding = 4; lastKnownFileType = text.css; name = main.css; path = ../../iPhoneReaderCSS/main.css; sourceTree = "<group>"; };
		698309D114A852F6008CCE5E /* Twitter.framework */ = {isa = PBXFileReference; lastKnownFileType = wrapper.framework; name = Twitter.framework; path = System/Library/Frameworks/Twitter.framework; sourceTree = SDKROOT; };
		698BC99714A433EA00617269 /* StarredOff.png */ = {isa = PBXFileReference; lastKnownFileType = image.png; path = StarredOff.png; sourceTree = "<group>"; };
		698BC99814A433EA00617269 /* StarredOff@2x.png */ = {isa = PBXFileReference; lastKnownFileType = image.png; path = "StarredOff@2x.png"; sourceTree = "<group>"; };
		698BC99914A433EA00617269 /* StarredOn.png */ = {isa = PBXFileReference; lastKnownFileType = image.png; path = StarredOn.png; sourceTree = "<group>"; };
		698BC99A14A433EA00617269 /* StarredOn@2x.png */ = {isa = PBXFileReference; lastKnownFileType = image.png; path = "StarredOn@2x.png"; sourceTree = "<group>"; };
		698BC99B14A433EA00617269 /* UnreadOff.png */ = {isa = PBXFileReference; lastKnownFileType = image.png; path = UnreadOff.png; sourceTree = "<group>"; };
		698BC99C14A433EA00617269 /* UnreadOff@2x.png */ = {isa = PBXFileReference; lastKnownFileType = image.png; path = "UnreadOff@2x.png"; sourceTree = "<group>"; };
		698BC99D14A433EA00617269 /* UnreadOn.png */ = {isa = PBXFileReference; lastKnownFileType = image.png; path = UnreadOn.png; sourceTree = "<group>"; };
		698BC99E14A433EA00617269 /* UnreadOn@2x.png */ = {isa = PBXFileReference; lastKnownFileType = image.png; path = "UnreadOn@2x.png"; sourceTree = "<group>"; };
		698BC9F614A45A2F00617269 /* de */ = {isa = PBXFileReference; lastKnownFileType = text.plist.strings; name = de; path = de.lproj/Localizable.strings; sourceTree = "<group>"; };
		698BC9F714A45A2F00617269 /* en */ = {isa = PBXFileReference; lastKnownFileType = text.plist.strings; name = en; path = en.lproj/Localizable.strings; sourceTree = "<group>"; };
		698BCA8E14A45B6800617269 /* Security.framework */ = {isa = PBXFileReference; lastKnownFileType = wrapper.framework; name = Security.framework; path = System/Library/Frameworks/Security.framework; sourceTree = SDKROOT; };
		698BCA9014A45B7900617269 /* MessageUI.framework */ = {isa = PBXFileReference; lastKnownFileType = wrapper.framework; name = MessageUI.framework; path = System/Library/Frameworks/MessageUI.framework; sourceTree = SDKROOT; };
		698BCA9514A48FDE00617269 /* ko */ = {isa = PBXFileReference; lastKnownFileType = text.plist.strings; name = ko; path = ko.lproj/Localizable.strings; sourceTree = "<group>"; };
/* End PBXFileReference section */

/* Begin PBXFrameworksBuildPhase section */
		69339942149B141100DD4E53 /* Frameworks */ = {
			isa = PBXFrameworksBuildPhase;
			buildActionMask = 2147483647;
			files = (
				698309D214A852F7008CCE5E /* Twitter.framework in Frameworks */,
				698BCA9114A45B7900617269 /* MessageUI.framework in Frameworks */,
				698BCA8F14A45B6800617269 /* Security.framework in Frameworks */,
				69503611149B1980005C7151 /* libz.dylib in Frameworks */,
				69503612149B1980005C7151 /* MobileCoreServices.framework in Frameworks */,
				69503613149B1980005C7151 /* SystemConfiguration.framework in Frameworks */,
				6950360D149B196D005C7151 /* CFNetwork.framework in Frameworks */,
				6950360B149B1966005C7151 /* CoreData.framework in Frameworks */,
				6933994A149B141100DD4E53 /* UIKit.framework in Frameworks */,
				6933994C149B141100DD4E53 /* Foundation.framework in Frameworks */,
				6933994E149B141100DD4E53 /* CoreGraphics.framework in Frameworks */,
			);
			runOnlyForDeploymentPostprocessing = 0;
		};
/* End PBXFrameworksBuildPhase section */

/* Begin PBXGroup section */
		6914290C149DAEED0096C5AE /* Element Parser */ = {
			isa = PBXGroup;
			children = (
				6914290E149DAF010096C5AE /* CDataChunk.h */,
				6914290F149DAF010096C5AE /* CDataChunk.m */,
				69142910149DAF010096C5AE /* Chunk.h */,
				69142911149DAF010096C5AE /* Chunk.m */,
				69142912149DAF010096C5AE /* CommentChunk.h */,
				69142913149DAF010096C5AE /* CommentChunk.m */,
				69142914149DAF010096C5AE /* CSSPartMatcher.h */,
				69142915149DAF010096C5AE /* CSSPartMatcher.m */,
				69142916149DAF010096C5AE /* CSSSelector.h */,
				69142917149DAF010096C5AE /* CSSSelector.m */,
				69142918149DAF010096C5AE /* CSSSelectorMatcher.h */,
				69142919149DAF010096C5AE /* CSSSelectorMatcher.m */,
				6914291A149DAF010096C5AE /* CSSSelectorPart.h */,
				6914291B149DAF010096C5AE /* CSSSelectorPart.m */,
				6914291C149DAF010096C5AE /* DoctypeChunk.h */,
				6914291D149DAF010096C5AE /* DoctypeChunk.m */,
				6914291E149DAF010096C5AE /* DocumentRoot.h */,
				6914291F149DAF010096C5AE /* DocumentRoot.m */,
				69142920149DAF010096C5AE /* Element.h */,
				69142921149DAF010096C5AE /* Element.m */,
				69142922149DAF010096C5AE /* ElementParser.h */,
				69142923149DAF010096C5AE /* ElementParser.m */,
				69142924149DAF010096C5AE /* EntityChunk.h */,
				69142925149DAF010096C5AE /* EntityChunk.m */,
				69142926149DAF010096C5AE /* NSString_HTML.h */,
				69142927149DAF010096C5AE /* NSString_HTML.m */,
				69142928149DAF010096C5AE /* ProcessingInstructionChunk.h */,
				69142929149DAF010096C5AE /* ProcessingInstructionChunk.m */,
				6914292A149DAF010096C5AE /* TagChunk.h */,
				6914292B149DAF010096C5AE /* TagChunk.m */,
				6914292C149DAF010096C5AE /* TxtChunk.h */,
				6914292D149DAF010096C5AE /* TxtChunk.m */,
				6914292E149DAF010096C5AE /* URLParser.h */,
				6914292F149DAF010096C5AE /* URLParser.m */,
			);
			name = "Element Parser";
			sourceTree = "<group>";
		};
		6933993A149B141100DD4E53 = {
			isa = PBXGroup;
			children = (
				698309D114A852F6008CCE5E /* Twitter.framework */,
				698BCA9014A45B7900617269 /* MessageUI.framework */,
				698BCA8E14A45B6800617269 /* Security.framework */,
				6950360E149B1980005C7151 /* libz.dylib */,
				6950360F149B1980005C7151 /* MobileCoreServices.framework */,
				69503610149B1980005C7151 /* SystemConfiguration.framework */,
				6950360C149B196D005C7151 /* CFNetwork.framework */,
				6950360A149B1966005C7151 /* CoreData.framework */,
				6933994F149B141100DD4E53 /* Atomier */,
				69339948149B141100DD4E53 /* Frameworks */,
				69339946149B141100DD4E53 /* Products */,
			);
			sourceTree = "<group>";
		};
		69339946149B141100DD4E53 /* Products */ = {
			isa = PBXGroup;
			children = (
				69339945149B141100DD4E53 /* Syndi.app */,
			);
			name = Products;
			sourceTree = "<group>";
		};
		69339948149B141100DD4E53 /* Frameworks */ = {
			isa = PBXGroup;
			children = (
				69339949149B141100DD4E53 /* UIKit.framework */,
				6933994B149B141100DD4E53 /* Foundation.framework */,
				6933994D149B141100DD4E53 /* CoreGraphics.framework */,
			);
			name = Frameworks;
			sourceTree = "<group>";
		};
		6933994F149B141100DD4E53 /* Atomier */ = {
			isa = PBXGroup;
			children = (
				69503614149B3633005C7151 /* Managed Objects */,
				695035E8149B18F9005C7151 /* 3rd Party */,
				695035D8149B172A005C7151 /* List */,
				695035D2149B1578005C7151 /* Main */,
				69339950149B141100DD4E53 /* Supporting Files */,
			);
			path = Atomier;
			sourceTree = "<group>";
		};
		69339950149B141100DD4E53 /* Supporting Files */ = {
			isa = PBXGroup;
			children = (
				698BC9F514A45A2F00617269 /* Localizable.strings */,
				696ECEB714A0CAE300FE5706 /* main.css */,
				696ECEA714A0B92500FE5706 /* images */,
				6950362F149B53A5005C7151 /* temp image */,
				69339951149B141100DD4E53 /* Atomier-Info.plist */,
				69339952149B141100DD4E53 /* InfoPlist.strings */,
				69339955149B141100DD4E53 /* main.m */,
				69339957149B141100DD4E53 /* Atomier-Prefix.pch */,
			);
			name = "Supporting Files";
			sourceTree = "<group>";
		};
		693CA380149F73BF00DA7DC8 /* Folder & Subscription */ = {
			isa = PBXGroup;
			children = (
				695035DD149B181D005C7151 /* TopViewController.h */,
				695035DE149B181D005C7151 /* TopViewController.m */,
				6950362C149B3B8B005C7151 /* TopViewCell.h */,
				6950362D149B3B8B005C7151 /* TopViewCell.m */,
				69142941149DC8550096C5AE /* PreviewFeed.h */,
				69142942149DC8550096C5AE /* PreviewFeed.m */,
			);
			name = "Folder & Subscription";
			sourceTree = "<group>";
		};
		693CA381149F73D500DA7DC8 /* Feeds */ = {
			isa = PBXGroup;
			children = (
				693CA382149F740300DA7DC8 /* FeedsViewController.h */,
				693CA383149F740300DA7DC8 /* FeedsViewController.m */,
				693CA385149F774E00DA7DC8 /* FeedsViewCell.h */,
				693CA386149F774F00DA7DC8 /* FeedsViewCell.m */,
			);
			name = Feeds;
			sourceTree = "<group>";
		};
		695035D2149B1578005C7151 /* Main */ = {
			isa = PBXGroup;
			children = (
				695035E7149B18ED005C7151 /* Engine */,
				69339958149B141100DD4E53 /* AppDelegate.h */,
				69339959149B141100DD4E53 /* AppDelegate.m */,
				6933995B149B141100DD4E53 /* MainStoryboard_iPhone.storyboard */,
				6933995E149B141100DD4E53 /* MainStoryboard_iPad.storyboard */,
				69339961149B141100DD4E53 /* ViewController.h */,
				69339962149B141100DD4E53 /* ViewController.m */,
				6902A91C14AAA911001A594A /* StandViewController.h */,
				6902A91D14AAA911001A594A /* StandViewController.m */,
			);
			name = Main;
			sourceTree = "<group>";
		};
		695035D8149B172A005C7151 /* List */ = {
			isa = PBXGroup;
			children = (
				696ECEA214A0B68800FE5706 /* Content */,
				693CA381149F73D500DA7DC8 /* Feeds */,
				693CA380149F73BF00DA7DC8 /* Folder & Subscription */,
			);
			name = List;
			sourceTree = "<group>";
		};
		695035E7149B18ED005C7151 /* Engine */ = {
			isa = PBXGroup;
			children = (
				695035E4149B18E8005C7151 /* GoogleReader.h */,
				695035E5149B18E8005C7151 /* GoogleReader.m */,
			);
			name = Engine;
			sourceTree = "<group>";
		};
		695035E8149B18F9005C7151 /* 3rd Party */ = {
			isa = PBXGroup;
			children = (
				6914290C149DAEED0096C5AE /* Element Parser */,
				69503608149B1918005C7151 /* ASIHTTP */,
			);
			name = "3rd Party";
			sourceTree = "<group>";
		};
		69503608149B1918005C7151 /* ASIHTTP */ = {
			isa = PBXGroup;
			children = (
				695035E9149B1911005C7151 /* Reachability.h */,
				695035EA149B1911005C7151 /* Reachability.m */,
				695035EB149B1911005C7151 /* ASIAuthenticationDialog.h */,
				695035EC149B1911005C7151 /* ASIAuthenticationDialog.m */,
				695035ED149B1911005C7151 /* ASIHTTPRequestConfig.h */,
				695035EE149B1911005C7151 /* ASIProgressDelegate.h */,
				695035EF149B1911005C7151 /* ASIHTTPRequestDelegate.h */,
				695035F0149B1911005C7151 /* ASIInputStream.h */,
				695035F1149B1911005C7151 /* ASIInputStream.m */,
				695035F2149B1911005C7151 /* ASIFormDataRequest.h */,
				695035F3149B1911005C7151 /* ASIFormDataRequest.m */,
				695035F4149B1911005C7151 /* ASIHTTPRequest.h */,
				695035F5149B1911005C7151 /* ASIHTTPRequest.m */,
				695035F6149B1911005C7151 /* ASINetworkQueue.h */,
				695035F7149B1911005C7151 /* ASINetworkQueue.m */,
				695035F8149B1911005C7151 /* ASICacheDelegate.h */,
				695035F9149B1911005C7151 /* ASIDownloadCache.h */,
				695035FA149B1911005C7151 /* ASIDownloadCache.m */,
				695035FB149B1911005C7151 /* ASIDataCompressor.h */,
				695035FC149B1911005C7151 /* ASIDataCompressor.m */,
				695035FD149B1911005C7151 /* ASIDataDecompressor.h */,
				695035FE149B1911005C7151 /* ASIDataDecompressor.m */,
			);
			name = ASIHTTP;
			sourceTree = "<group>";
		};
		69503614149B3633005C7151 /* Managed Objects */ = {
			isa = PBXGroup;
			children = (
				69503629149B368D005C7151 /* ContentOrganizer.h */,
				6950362A149B368D005C7151 /* ContentOrganizer.m */,
				69503644149B65F8005C7151 /* ReaderStandard.xcdatamodel */,
				69503645149B65F8005C7151 /* Tag.h */,
				69503646149B65F8005C7151 /* Tag.m */,
				69503647149B65F8005C7151 /* Content.h */,
				69503648149B65F8005C7151 /* Content.m */,
				69503649149B65F8005C7151 /* Alternate.h */,
				6950364A149B65F8005C7151 /* Alternate.m */,
				6950364B149B65F8005C7151 /* Subscription.h */,
				6950364C149B65F8005C7151 /* Subscription.m */,
				6950364D149B65F8005C7151 /* Category.h */,
				6950364E149B65F9005C7151 /* Category.m */,
				6950364F149B65F9005C7151 /* Feed.h */,
				69503650149B65F9005C7151 /* Feed.m */,
			);
			name = "Managed Objects";
			sourceTree = "<group>";
		};
		6950362F149B53A5005C7151 /* temp image */ = {
			isa = PBXGroup;
			children = (
				698BC99714A433EA00617269 /* StarredOff.png */,
				698BC99814A433EA00617269 /* StarredOff@2x.png */,
				698BC99914A433EA00617269 /* StarredOn.png */,
				698BC99A14A433EA00617269 /* StarredOn@2x.png */,
				698BC99B14A433EA00617269 /* UnreadOff.png */,
				698BC99C14A433EA00617269 /* UnreadOff@2x.png */,
				698BC99D14A433EA00617269 /* UnreadOn.png */,
				698BC99E14A433EA00617269 /* UnreadOn@2x.png */,
				69503630149B53B4005C7151 /* FilterNoneBlack.png */,
				69503631149B53B4005C7151 /* FilterNoneBlack@2x.png */,
				69503632149B53B4005C7151 /* StarredItem.png */,
				69503633149B53B4005C7151 /* StarredItem@2x.png */,
				69503634149B53B4005C7151 /* UnreadItem.png */,
				69503635149B53B4005C7151 /* UnreadItem@2x.png */,
				69503636149B53B4005C7151 /* FeedDefaultIcon.png */,
				69503637149B53B4005C7151 /* FeedDefaultIcon@2x.png */,
				69503638149B53B4005C7151 /* Folder.png */,
				69503639149B53B4005C7151 /* Folder@2x.png */,
			);
			name = "temp image";
			sourceTree = "<group>";
		};
		696ECEA214A0B68800FE5706 /* Content */ = {
			isa = PBXGroup;
			children = (
				696ECEA414A0B6A300FE5706 /* WebViewController.h */,
				696ECEA514A0B6A300FE5706 /* WebViewController.m */,
				696ECEB014A0C8C200FE5706 /* FeedViewController.h */,
				696ECEB114A0C8C200FE5706 /* FeedViewController.m */,
			);
			name = Content;
			sourceTree = "<group>";
		};
		696ECEA714A0B92500FE5706 /* images */ = {
			isa = PBXGroup;
			children = (
				696ECEA814A0B93400FE5706 /* Back.png */,
				696ECEA914A0B93400FE5706 /* Back@2x.png */,
				696ECEAA14A0B93400FE5706 /* Forward.png */,
				696ECEAB14A0B93400FE5706 /* Forward@2x.png */,
			);
			name = images;
			sourceTree = "<group>";
		};
/* End PBXGroup section */

/* Begin PBXNativeTarget section */
		69339944149B141100DD4E53 /* Atomier */ = {
			isa = PBXNativeTarget;
			buildConfigurationList = 69339966149B141100DD4E53 /* Build configuration list for PBXNativeTarget "Atomier" */;
			buildPhases = (
				69339941149B141100DD4E53 /* Sources */,
				69339942149B141100DD4E53 /* Frameworks */,
				69339943149B141100DD4E53 /* Resources */,
			);
			buildRules = (
			);
			dependencies = (
			);
			name = Atomier;
			productName = Atomier;
			productReference = 69339945149B141100DD4E53 /* Syndi.app */;
			productType = "com.apple.product-type.application";
		};
/* End PBXNativeTarget section */

/* Begin PBXProject section */
		6933993C149B141100DD4E53 /* Project object */ = {
			isa = PBXProject;
			attributes = {
				LastUpgradeCheck = 0420;
				ORGANIZATIONNAME = Appcid;
			};
			buildConfigurationList = 6933993F149B141100DD4E53 /* Build configuration list for PBXProject "Atomier" */;
			compatibilityVersion = "Xcode 3.2";
			developmentRegion = English;
			hasScannedForEncodings = 0;
			knownRegions = (
				en,
				de,
				ko,
			);
			mainGroup = 6933993A149B141100DD4E53;
			productRefGroup = 69339946149B141100DD4E53 /* Products */;
			projectDirPath = "";
			projectRoot = "";
			targets = (
				69339944149B141100DD4E53 /* Atomier */,
			);
		};
/* End PBXProject section */

/* Begin PBXResourcesBuildPhase section */
		69339943149B141100DD4E53 /* Resources */ = {
			isa = PBXResourcesBuildPhase;
			buildActionMask = 2147483647;
			files = (
				69339954149B141100DD4E53 /* InfoPlist.strings in Resources */,
				6933995D149B141100DD4E53 /* MainStoryboard_iPhone.storyboard in Resources */,
				69339960149B141100DD4E53 /* MainStoryboard_iPad.storyboard in Resources */,
				6950363A149B53B4005C7151 /* FilterNoneBlack.png in Resources */,
				6950363B149B53B4005C7151 /* FilterNoneBlack@2x.png in Resources */,
				6950363C149B53B4005C7151 /* StarredItem.png in Resources */,
				6950363D149B53B4005C7151 /* StarredItem@2x.png in Resources */,
				6950363E149B53B4005C7151 /* UnreadItem.png in Resources */,
				6950363F149B53B4005C7151 /* UnreadItem@2x.png in Resources */,
				69503640149B53B4005C7151 /* FeedDefaultIcon.png in Resources */,
				69503641149B53B4005C7151 /* FeedDefaultIcon@2x.png in Resources */,
				69503642149B53B4005C7151 /* Folder.png in Resources */,
				69503643149B53B4005C7151 /* Folder@2x.png in Resources */,
				696ECEAC14A0B93400FE5706 /* Back.png in Resources */,
				696ECEAD14A0B93400FE5706 /* Back@2x.png in Resources */,
				696ECEAE14A0B93400FE5706 /* Forward.png in Resources */,
				696ECEAF14A0B93400FE5706 /* Forward@2x.png in Resources */,
				696ECEB814A0CAE300FE5706 /* main.css in Resources */,
				698BC99F14A433EA00617269 /* StarredOff.png in Resources */,
				698BC9A014A433EA00617269 /* StarredOff@2x.png in Resources */,
				698BC9A114A433EA00617269 /* StarredOn.png in Resources */,
				698BC9A214A433EA00617269 /* StarredOn@2x.png in Resources */,
				698BC9A314A433EA00617269 /* UnreadOff.png in Resources */,
				698BC9A414A433EA00617269 /* UnreadOff@2x.png in Resources */,
				698BC9A514A433EA00617269 /* UnreadOn.png in Resources */,
				698BC9A614A433EA00617269 /* UnreadOn@2x.png in Resources */,
				698BCA6B14A45A2F00617269 /* Localizable.strings in Resources */,
			);
			runOnlyForDeploymentPostprocessing = 0;
		};
/* End PBXResourcesBuildPhase section */

/* Begin PBXSourcesBuildPhase section */
		69339941149B141100DD4E53 /* Sources */ = {
			isa = PBXSourcesBuildPhase;
			buildActionMask = 2147483647;
			files = (
				69339956149B141100DD4E53 /* main.m in Sources */,
				6933995A149B141100DD4E53 /* AppDelegate.m in Sources */,
				69339963149B141100DD4E53 /* ViewController.m in Sources */,
				695035DF149B181D005C7151 /* TopViewController.m in Sources */,
				695035E6149B18E8005C7151 /* GoogleReader.m in Sources */,
				695035FF149B1911005C7151 /* Reachability.m in Sources */,
				69503600149B1911005C7151 /* ASIAuthenticationDialog.m in Sources */,
				69503601149B1911005C7151 /* ASIInputStream.m in Sources */,
				69503602149B1911005C7151 /* ASIFormDataRequest.m in Sources */,
				69503603149B1911005C7151 /* ASIHTTPRequest.m in Sources */,
				69503604149B1911005C7151 /* ASINetworkQueue.m in Sources */,
				69503605149B1911005C7151 /* ASIDownloadCache.m in Sources */,
				69503606149B1911005C7151 /* ASIDataCompressor.m in Sources */,
				69503607149B1911005C7151 /* ASIDataDecompressor.m in Sources */,
				6950362B149B368D005C7151 /* ContentOrganizer.m in Sources */,
				6950362E149B3B8B005C7151 /* TopViewCell.m in Sources */,
				69503651149B65F9005C7151 /* ReaderStandard.xcdatamodel in Sources */,
				69503652149B65F9005C7151 /* Tag.m in Sources */,
				69503653149B65F9005C7151 /* Content.m in Sources */,
				69503654149B65F9005C7151 /* Alternate.m in Sources */,
				69503655149B65F9005C7151 /* Subscription.m in Sources */,
				69503657149B65F9005C7151 /* Feed.m in Sources */,
				69503658149B6B9D005C7151 /* Category.m in Sources */,
				69142930149DAF010096C5AE /* CDataChunk.m in Sources */,
				69142931149DAF010096C5AE /* Chunk.m in Sources */,
				69142932149DAF010096C5AE /* CommentChunk.m in Sources */,
				69142933149DAF010096C5AE /* CSSPartMatcher.m in Sources */,
				69142934149DAF010096C5AE /* CSSSelector.m in Sources */,
				69142935149DAF010096C5AE /* CSSSelectorMatcher.m in Sources */,
				69142936149DAF010096C5AE /* CSSSelectorPart.m in Sources */,
				69142937149DAF010096C5AE /* DoctypeChunk.m in Sources */,
				69142938149DAF010096C5AE /* DocumentRoot.m in Sources */,
				69142939149DAF010096C5AE /* Element.m in Sources */,
				6914293A149DAF010096C5AE /* ElementParser.m in Sources */,
				6914293B149DAF010096C5AE /* EntityChunk.m in Sources */,
				6914293C149DAF010096C5AE /* NSString_HTML.m in Sources */,
				6914293D149DAF010096C5AE /* ProcessingInstructionChunk.m in Sources */,
				6914293E149DAF010096C5AE /* TagChunk.m in Sources */,
				6914293F149DAF010096C5AE /* TxtChunk.m in Sources */,
				69142940149DAF010096C5AE /* URLParser.m in Sources */,
				69142943149DC8550096C5AE /* PreviewFeed.m in Sources */,
				693CA384149F740300DA7DC8 /* FeedsViewController.m in Sources */,
				693CA387149F774F00DA7DC8 /* FeedsViewCell.m in Sources */,
				696ECEA614A0B6A300FE5706 /* WebViewController.m in Sources */,
				696ECEB214A0C8C200FE5706 /* FeedViewController.m in Sources */,
				6902A91E14AAA911001A594A /* StandViewController.m in Sources */,
			);
			runOnlyForDeploymentPostprocessing = 0;
		};
/* End PBXSourcesBuildPhase section */

/* Begin PBXVariantGroup section */
		69339952149B141100DD4E53 /* InfoPlist.strings */ = {
			isa = PBXVariantGroup;
			children = (
				69339953149B141100DD4E53 /* en */,
			);
			name = InfoPlist.strings;
			sourceTree = "<group>";
		};
		6933995B149B141100DD4E53 /* MainStoryboard_iPhone.storyboard */ = {
			isa = PBXVariantGroup;
			children = (
				6933995C149B141100DD4E53 /* en */,
			);
			name = MainStoryboard_iPhone.storyboard;
			sourceTree = "<group>";
		};
		6933995E149B141100DD4E53 /* MainStoryboard_iPad.storyboard */ = {
			isa = PBXVariantGroup;
			children = (
				6933995F149B141100DD4E53 /* en */,
			);
			name = MainStoryboard_iPad.storyboard;
			sourceTree = "<group>";
		};
		698BC9F514A45A2F00617269 /* Localizable.strings */ = {
			isa = PBXVariantGroup;
			children = (
				698BC9F614A45A2F00617269 /* de */,
				698BC9F714A45A2F00617269 /* en */,
				698BCA9514A48FDE00617269 /* ko */,
			);
			name = Localizable.strings;
			path = ../ShareKit/Localization;
			sourceTree = "<group>";
		};
/* End PBXVariantGroup section */

/* Begin XCBuildConfiguration section */
		69339964149B141100DD4E53 /* Debug */ = {
			isa = XCBuildConfiguration;
			buildSettings = {
				ALWAYS_SEARCH_USER_PATHS = NO;
				ARCHS = "$(ARCHS_STANDARD_32_BIT)";
				CLANG_ENABLE_OBJC_ARC = YES;
				"CODE_SIGN_IDENTITY[sdk=iphoneos*]" = "iPhone Developer";
				COPY_PHASE_STRIP = NO;
				GCC_C_LANGUAGE_STANDARD = gnu99;
				GCC_DYNAMIC_NO_PIC = NO;
				GCC_OPTIMIZATION_LEVEL = 0;
				GCC_PREPROCESSOR_DEFINITIONS = (
					"DEBUG=1",
					"$(inherited)",
				);
				GCC_SYMBOLS_PRIVATE_EXTERN = NO;
				GCC_VERSION = com.apple.compilers.llvm.clang.1_0;
				GCC_WARN_ABOUT_MISSING_PROTOTYPES = YES;
				GCC_WARN_ABOUT_RETURN_TYPE = YES;
				GCC_WARN_UNUSED_VARIABLE = YES;
				IPHONEOS_DEPLOYMENT_TARGET = 5.0;
				SDKROOT = iphoneos;
				TARGETED_DEVICE_FAMILY = "1,2";
			};
			name = Debug;
		};
		69339965149B141100DD4E53 /* Release */ = {
			isa = XCBuildConfiguration;
			buildSettings = {
				ALWAYS_SEARCH_USER_PATHS = NO;
				ARCHS = "$(ARCHS_STANDARD_32_BIT)";
				CLANG_ENABLE_OBJC_ARC = YES;
				"CODE_SIGN_IDENTITY[sdk=iphoneos*]" = "iPhone Developer";
				COPY_PHASE_STRIP = YES;
				GCC_C_LANGUAGE_STANDARD = gnu99;
				GCC_VERSION = com.apple.compilers.llvm.clang.1_0;
				GCC_WARN_ABOUT_MISSING_PROTOTYPES = YES;
				GCC_WARN_ABOUT_RETURN_TYPE = YES;
				GCC_WARN_UNUSED_VARIABLE = YES;
				IPHONEOS_DEPLOYMENT_TARGET = 5.0;
				OTHER_CFLAGS = "-DNS_BLOCK_ASSERTIONS=1";
				SDKROOT = iphoneos;
				TARGETED_DEVICE_FAMILY = "1,2";
				VALIDATE_PRODUCT = YES;
			};
			name = Release;
		};
		69339967149B141100DD4E53 /* Debug */ = {
			isa = XCBuildConfiguration;
			buildSettings = {
				GCC_PRECOMPILE_PREFIX_HEADER = YES;
				GCC_PREFIX_HEADER = "Atomier/Atomier-Prefix.pch";
				INFOPLIST_FILE = "Atomier/Atomier-Info.plist";
				PRODUCT_NAME = Syndi;
				WRAPPER_EXTENSION = app;
			};
			name = Debug;
		};
		69339968149B141100DD4E53 /* Release */ = {
			isa = XCBuildConfiguration;
			buildSettings = {
				GCC_PRECOMPILE_PREFIX_HEADER = YES;
				GCC_PREFIX_HEADER = "Atomier/Atomier-Prefix.pch";
				INFOPLIST_FILE = "Atomier/Atomier-Info.plist";
				PRODUCT_NAME = Syndi;
				WRAPPER_EXTENSION = app;
			};
			name = Release;
		};
/* End XCBuildConfiguration section */

/* Begin XCConfigurationList section */
		6933993F149B141100DD4E53 /* Build configuration list for PBXProject "Atomier" */ = {
			isa = XCConfigurationList;
			buildConfigurations = (
				69339964149B141100DD4E53 /* Debug */,
				69339965149B141100DD4E53 /* Release */,
			);
			defaultConfigurationIsVisible = 0;
			defaultConfigurationName = Release;
		};
		69339966149B141100DD4E53 /* Build configuration list for PBXNativeTarget "Atomier" */ = {
			isa = XCConfigurationList;
			buildConfigurations = (
				69339967149B141100DD4E53 /* Debug */,
				69339968149B141100DD4E53 /* Release */,
			);
			defaultConfigurationIsVisible = 0;
			defaultConfigurationName = Release;
		};
/* End XCConfigurationList section */
	};
	rootObject = 6933993C149B141100DD4E53 /* Project object */;
}
